// !$*UTF8*$!
{
	archiveVersion = 1;
	classes = {
	};
	objectVersion = 63;
	objects = {

/* Begin PBXBuildFile section */
		0592652EEB17E93E6F54AC8C /* PostView.swift in Sources */ = {isa = PBXBuildFile; fileRef = 0B79DC809F7BC3657C6FB949 /* PostView.swift */; };
		059DFA4253B5073396BCB5BF /* AIAvatarView.swift in Sources */ = {isa = PBXBuildFile; fileRef = CE0D74D109D5FCB0EEAEB8A1 /* AIAvatarView.swift */; };
		08EE8DC187B96456F12489CF /* ContentSection.swift in Sources */ = {isa = PBXBuildFile; fileRef = 3AB92F8D6DCDB39827550B64 /* ContentSection.swift */; };
		092307F2D23C76F41E8C509E /* SafeJSONDecoding.swift in Sources */ = {isa = PBXBuildFile; fileRef = A9C2BD51BA2C11C9D2E2F9E4 /* SafeJSONDecoding.swift */; };
		0A85817D24F7B41FDD57386C /* LocalSearchService.swift in Sources */ = {isa = PBXBuildFile; fileRef = F1E688F6A56AB7AB6AA75FB1 /* LocalSearchService.swift */; };
		0CBA99CB7F6874965584AF3A /* GoogleBooksService.swift in Sources */ = {isa = PBXBuildFile; fileRef = 2E4820A80D731AC7E27FFDA6 /* GoogleBooksService.swift */; };
		0E961FF3B77A1606A7856C0F /* QuantumGateRiftButton.swift in Sources */ = {isa = PBXBuildFile; fileRef = E186DE69AD84D1D693EC8A14 /* QuantumGateRiftButton.swift */; };
		0EEB2E6725C5007B2F9D0DF6 /* RemoteAPI.swift in Sources */ = {isa = PBXBuildFile; fileRef = F432806DCE27A419E3B68EDA /* RemoteAPI.swift */; };
		0F2FB343B3A969E971B42E00 /* EnhancedStoryCreationView.swift in Sources */ = {isa = PBXBuildFile; fileRef = AC200FB6C557C84DC6D95169 /* EnhancedStoryCreationView.swift */; };
		101FB4904FE8D964065089BD /* EdXCourseBrowserView.swift in Sources */ = {isa = PBXBuildFile; fileRef = 11D827CFB24915CDEFCC1179 /* EdXCourseBrowserView.swift */; };
		105F7EB838EEAACC23999F4A /* HapticManager.swift in Sources */ = {isa = PBXBuildFile; fileRef = EFC18CE8BF15A0E3CA6CD4FE /* HapticManager.swift */; };
		137FBBC2A63C4741B79830AC /* LyoApp/Services/BackgroundScheduler.swift in Sources */ = {isa = PBXBuildFile; fileRef = 6815C36B9967456CAF5BADF0 /* LyoApp/Services/BackgroundScheduler.swift */; };
		16D6E860CE43BE681236F2D3 /* FloatingActionButton.swift in Sources */ = {isa = PBXBuildFile; fileRef = 18BF9308EBEE0755ADFC9ABB /* FloatingActionButton.swift */; };
		174E33CB7BD534E8FFD20DD6 /* LearningAssistantView.swift in Sources */ = {isa = PBXBuildFile; fileRef = D1D6DFCB4C692276B5454BFD /* LearningAssistantView.swift */; };
		1916C9C459912A6F49B7BCD5 /* UserDataManager.swift in Sources */ = {isa = PBXBuildFile; fileRef = 903D186D2DA18B38F80FB2B1 /* UserDataManager.swift */; };
		1B4C1C4BA36CF163AE3A76DB /* CompilationVerification.swift in Sources */ = {isa = PBXBuildFile; fileRef = B3FD4CE591E6A573E0638AFC /* CompilationVerification.swift */; };
		1DC8DD6F937037BE336359F9 /* LibraryView.swift in Sources */ = {isa = PBXBuildFile; fileRef = 221B8D3E4BFD0AD74F80D5D1 /* LibraryView.swift */; };
		1DF39CADF16398F93C5E1CFB /* PostRepository.swift in Sources */ = {isa = PBXBuildFile; fileRef = E944CC2331C1D4DD610A258B /* PostRepository.swift */; };
		1E1FDB1092F203918E60DA87 /* UserRepository.swift in Sources */ = {isa = PBXBuildFile; fileRef = FFB48DA20EDCBEA07CF360B8 /* UserRepository.swift */; };
		1F5F0E88B55EE164A9AB7BBC /* AppState.swift in Sources */ = {isa = PBXBuildFile; fileRef = C9A138D23085B978F95F809C /* AppState.swift */; };
		2504FB617A9F30C40AF4A86A /* FeaturedContentCarousel.swift in Sources */ = {isa = PBXBuildFile; fileRef = 8C31A37D66795C96FF2112AC /* FeaturedContentCarousel.swift */; };
		26567E7D2B5DC1D456DE0516 /* LyoConfiguration.swift in Sources */ = {isa = PBXBuildFile; fileRef = 4791D476B0F27752BD31CC08 /* LyoConfiguration.swift */; };
		2A6F567731F3BCE6841A93AF /* LearningHubView.swift in Sources */ = {isa = PBXBuildFile; fileRef = 1AC8071F3C18FBEFD698E768 /* LearningHubView.swift */; };
		30786DB5E1B7249E951C7252 /* KeychainManager.swift in Sources */ = {isa = PBXBuildFile; fileRef = BD337AFED5436780B913F4B9 /* KeychainManager.swift */; };
		330A34CC004130053120612C /* LessonModels.swift in Sources */ = {isa = PBXBuildFile; fileRef = 35FE04CA56FAA9228F3A5F02 /* LessonModels.swift */; };
		330ED1DD7740AE4E9BA87D40 /* VoiceRecognizer.swift in Sources */ = {isa = PBXBuildFile; fileRef = 497A52CB663A204A6D353292 /* VoiceRecognizer.swift */; };
		35A5A1A3973BED1B6140FAFE /* HeaderView.swift in Sources */ = {isa = PBXBuildFile; fileRef = A21DC08CD59DB175CDE4830B /* HeaderView.swift */; };
		37AA9808A55819004EB45214 /* CourseRepository.swift in Sources */ = {isa = PBXBuildFile; fileRef = B90C1E44B131AEE117D7A048 /* CourseRepository.swift */; };
		3F5BADB0CCBD4378BB2D601C /* LessonBlockView.swift in Sources */ = {isa = PBXBuildFile; fileRef = B8E4A0FEB92FBCE60BE99B69 /* LessonBlockView.swift */; };
		43416377F1FB973C33068207 /* LearnTabView.swift in Sources */ = {isa = PBXBuildFile; fileRef = 25875417BA97D8E159D0F82E /* LearnTabView.swift */; };
		43F233702523B94C0E53879C /* Assets.xcassets in Resources */ = {isa = PBXBuildFile; fileRef = C75D4CCFD25F740961DE5867 /* Assets.xcassets */; };
		45989CC8B99924EAE55AAB4B /* CoreDataManager.swift in Sources */ = {isa = PBXBuildFile; fileRef = A0C9D95B6BBE7C6DEAD4989E /* CoreDataManager.swift */; };
		45DCF5C4ADFFDB8CC1DA0EC5 /* LearningSearchViewModel.swift in Sources */ = {isa = PBXBuildFile; fileRef = 5EFDF836CAAF185B97D688AC /* LearningSearchViewModel.swift */; };
		481209DF2BD9F0717C36558A /* RealAPIService.swift in Sources */ = {isa = PBXBuildFile; fileRef = 5589107C6702F8FF6BEF601A /* RealAPIService.swift */; };
		4A19DFF08C02E76DE240C270 /* EducationalContentManager.swift in Sources */ = {isa = PBXBuildFile; fileRef = 040697D43344FB53E77E31B8 /* EducationalContentManager.swift */; };
		4A6176BBA954BE126266D1F7 /* LyoWebSocketService.swift in Sources */ = {isa = PBXBuildFile; fileRef = 4283BFD1E83F1E03B0A7FEEE /* LyoWebSocketService.swift */; };
		4B331DCC0AE5C580079567B7 /* MarketReadinessImplementation.swift in Sources */ = {isa = PBXBuildFile; fileRef = 9C68A57A1EB3A1223235AA19 /* MarketReadinessImplementation.swift */; };
		4B588DC477DF068ACE41FBFA /* HomeFeedView.swift in Sources */ = {isa = PBXBuildFile; fileRef = 6665E42F4719F7676848E421 /* HomeFeedView.swift */; };
		4CA272D76CF9A0EDFDA254FA /* AvatarCompanionCoordinator.swift in Sources */ = {isa = PBXBuildFile; fileRef = 2B420AA42B5E2760F2878099 /* AvatarCompanionCoordinator.swift */; };
		4F1479D8621E75594C73A14B /* MessengerView.swift in Sources */ = {isa = PBXBuildFile; fileRef = 15EBF3D1C833E01E685B74D2 /* MessengerView.swift */; };
		4F6ACFAFD597D3A11A22CE71 /* APIError.swift in Sources */ = {isa = PBXBuildFile; fileRef = 53222F984FEEB1A50EB3E7B8 /* APIError.swift */; };
		504CF1D98F5FA1C6413D67B3 /* APIClient.swift in Sources */ = {isa = PBXBuildFile; fileRef = F456DF306A7BB0198AC11A4E /* APIClient.swift */; };
		509ED01AF6E924B6465399EA /* LyoAPIService.swift in Sources */ = {isa = PBXBuildFile; fileRef = 0E6BB571E49D2867BCADD242 /* LyoAPIService.swift */; };
		539722FA84432A6A3AAE59A5 /* LearningAPIService.swift in Sources */ = {isa = PBXBuildFile; fileRef = 53B98E6F0D7BF46450D98D1E /* LearningAPIService.swift */; };
		5448D3EEB3D1C656FD4B713C /* LearnView.swift in Sources */ = {isa = PBXBuildFile; fileRef = CCED48EAE47A6A92C07E8852 /* LearnView.swift */; };
		54C3B0EAD3C1FC124C4FC347 /* ContentView.swift in Sources */ = {isa = PBXBuildFile; fileRef = 5B819F9A8F025AFC323FBE04 /* ContentView.swift */; };
		54D0CC3AAF0295567DAEE24E /* AIFullChatViewWithCompletion.swift in Sources */ = {isa = PBXBuildFile; fileRef = A389D70B057F69A73DC5F98B /* AIFullChatViewWithCompletion.swift */; };
		55FDEE9D4F37902C9168F993 /* DownloadManagerService.swift in Sources */ = {isa = PBXBuildFile; fileRef = 5B4AB4BA4D5FAE67B94EF298 /* DownloadManagerService.swift */; };
		565005CC3F8A28D90A4B891B /* MessageBubble.swift in Sources */ = {isa = PBXBuildFile; fileRef = C2D675DCCC577DD7EBFD03F7 /* MessageBubble.swift */; };
		576C455E6C8093CCCA368BA9 /* ValidationHelper.swift in Sources */ = {isa = PBXBuildFile; fileRef = 464F16FD00F9F3989510A958 /* ValidationHelper.swift */; };
		584A8AC5E4D60930C2479E1E /* PodcastEducationService.swift in Sources */ = {isa = PBXBuildFile; fileRef = B23B45B16D6C395DCFB408FB /* PodcastEducationService.swift */; };
		591C1D802AA4DF439FF23D01 /* AIAvatarIntegration.swift in Sources */ = {isa = PBXBuildFile; fileRef = 270CDC7A7F2F2F44E02EB376 /* AIAvatarIntegration.swift */; };
		5A5420C52C64C821F84194AF /* ProfessionalAISearchView.swift in Sources */ = {isa = PBXBuildFile; fileRef = E3BE039FEF09C3AB0BF385D7 /* ProfessionalAISearchView.swift */; };
		5B9DD215985AB223F6E68D29 /* LearningDataService.swift in Sources */ = {isa = PBXBuildFile; fileRef = 990D2F7674E07956D45B8EEC /* LearningDataService.swift */; };
		5C8006820BE13B01FCE0F232 /* CoreDataEntities.swift in Sources */ = {isa = PBXBuildFile; fileRef = A7FA25957E265014DF06CB14 /* CoreDataEntities.swift */; };
		5D1A0B87C352582DA07246E1 /* AuthenticationView.swift in Sources */ = {isa = PBXBuildFile; fileRef = 7D915DBF4841F30DE7719A6C /* AuthenticationView.swift */; };
		5FC5C33B27EE319AECAAC9A3 /* NetworkMonitor.swift in Sources */ = {isa = PBXBuildFile; fileRef = F3EE76890402AF7382181F71 /* NetworkMonitor.swift */; };
		628D6683840088B5F8FF471B /* AnalyticsManager.swift in Sources */ = {isa = PBXBuildFile; fileRef = 48E3D513690BCB485663C042 /* AnalyticsManager.swift */; };
		64A6A3944FE5E872AC776F21 /* AppServices.swift in Sources */ = {isa = PBXBuildFile; fileRef = 70E82852074EE781E05D6F42 /* AppServices.swift */; };
		67B6AA2D78D675E3B235251C /* DataPersistenceManager.swift in Sources */ = {isa = PBXBuildFile; fileRef = CF704F08EA528B8F38CC7DF5 /* DataPersistenceManager.swift */; };
		68BF351F1E9E53234D4DA3EF /* SimpleNetworkManager.swift in Sources */ = {isa = PBXBuildFile; fileRef = D00BD24CB7CB5CE5DF89E2B3 /* SimpleNetworkManager.swift */; };
		6A51F7B25918C433CCBC0F6D /* ProductionConfiguration.swift in Sources */ = {isa = PBXBuildFile; fileRef = 6FDC9D4A0CD5937A55F174B9 /* ProductionConfiguration.swift */; };
		6A72881CB0422C8B679A175A /* AppStoreScreenshots.swift in Sources */ = {isa = PBXBuildFile; fileRef = B9F4D60638B5BDA8434E046C /* AppStoreScreenshots.swift */; };
		6B907BB366019851AF38DE1A /* AppStateExtensions.swift in Sources */ = {isa = PBXBuildFile; fileRef = 8CA9503D4D21CEEFA252EBFD /* AppStateExtensions.swift */; };
		6BCCC23C30949292AB5E9C26 /* FreeCoursesService.swift in Sources */ = {isa = PBXBuildFile; fileRef = 1185CB790FF031A57C26462F /* FreeCoursesService.swift */; };
		6CA804771E4320CE8F276567 /* ProfessionalLibraryView.swift in Sources */ = {isa = PBXBuildFile; fileRef = 9890A9B73B9A20B1CCA2145C /* ProfessionalLibraryView.swift */; };
		6E9F71C95F388616DA343066 /* LaunchScreen.storyboard in Resources */ = {isa = PBXBuildFile; fileRef = 80A77A71B17C98E0239167EC /* LaunchScreen.storyboard */; };
		6F0804EBEB2903CE323D97C4 /* DesignTokens.swift in Sources */ = {isa = PBXBuildFile; fileRef = 18805D843D24D162131534E2 /* DesignTokens.swift */; };
		6F73E432EF53DAE560E50316 /* SimpleChatView.swift in Sources */ = {isa = PBXBuildFile; fileRef = 41CE2AF2F3879F3F9EE20860 /* SimpleChatView.swift */; };
		702170E1FC7FE8B6A9A5A571 /* APIKeys.swift in Sources */ = {isa = PBXBuildFile; fileRef = 15E3FCD4FBE22EDF40ECD2CB /* APIKeys.swift */; };
		70D3097FB2EE6DBB951584DE /* ProfessionalMessengerView.swift in Sources */ = {isa = PBXBuildFile; fileRef = AD63049D3023C9888A91E65F /* ProfessionalMessengerView.swift */; };
		7405D9B54DF494F6776D0713 /* LearningComponents.swift in Sources */ = {isa = PBXBuildFile; fileRef = DD11CC175D41EE55ACFF983A /* LearningComponents.swift */; };
		7664EDC53BD6CCCB8EC4DFF6 /* Preview Assets.xcassets in Resources */ = {isa = PBXBuildFile; fileRef = 3E2B09E30520BC1DF43A1D89 /* Preview Assets.xcassets */; };
		7B32ED2B358C7748F457F4C8 /* Models.swift in Sources */ = {isa = PBXBuildFile; fileRef = 4DC35EC4BB06919945358855 /* Models.swift */; };
		7C9D38887C8E423A0681521A /* AISearchView.swift in Sources */ = {isa = PBXBuildFile; fileRef = 023E96DF02E1FCB120142337 /* AISearchView.swift */; };
		7D5AAEC37F78A08F100FE3F2 /* ProductionConfig.swift in Sources */ = {isa = PBXBuildFile; fileRef = 96D239C5CA64C49F0D76899D /* ProductionConfig.swift */; };
		7FCACA4F5548B86A5728F0E9 /* ConfigurationManager.swift in Sources */ = {isa = PBXBuildFile; fileRef = 8DD826658A4DC8AB7ED42787 /* ConfigurationManager.swift */; };
		8040231B37BE5CED18608A91 /* SafeLearningCardView.swift in Sources */ = {isa = PBXBuildFile; fileRef = BCE632F1CB2341C65C258CC8 /* SafeLearningCardView.swift */; };
		811E63535F6EAB2B112A2ECA /* LearningCardView.swift in Sources */ = {isa = PBXBuildFile; fileRef = D95233FE04D0A72001CAA3BD /* LearningCardView.swift */; };
		825EE3082EB74E8DF34A02F1 /* APIResponseModels.swift in Sources */ = {isa = PBXBuildFile; fileRef = DD6CFA3C1BBD781AA1ADF2BC /* APIResponseModels.swift */; };
		8389DE86AF88B619A4CFD776 /* NetworkLayer.swift in Sources */ = {isa = PBXBuildFile; fileRef = 26FAE8093E310259E465B847 /* NetworkLayer.swift */; };
		862EF79A0E315C4180D6959E /* LyoApp.swift in Sources */ = {isa = PBXBuildFile; fileRef = 600A9F3980D1840C043D0A19 /* LyoApp.swift */; };
		8697C01D9827E8F1DA6D8F9C /* EdXCoursesService.swift in Sources */ = {isa = PBXBuildFile; fileRef = 0B93A78CE19383035CCF9755 /* EdXCoursesService.swift */; };
		87C293755A6BE9124F958F00 /* FeedModels.swift in Sources */ = {isa = PBXBuildFile; fileRef = D900AEF9F7B22764A996EB02 /* FeedModels.swift */; };
		890F800B9C0041FDAA120206 /* UnityData in Resources */ = {isa = PBXBuildFile; fileRef = 6A211FE83AE646D8839F935B /* UnityData */; };
		899703D6AE1E127DC7DB11F2 /* SearchResultsView.swift in Sources */ = {isa = PBXBuildFile; fileRef = 92ACFCF6440A9D60D0125ED0 /* SearchResultsView.swift */; };
		8B512EA198F08A8EF13358B9 /* ErrorHandler.swift in Sources */ = {isa = PBXBuildFile; fileRef = F3EFD1D3B0001C0B673ABAD9 /* ErrorHandler.swift */; };
		8D252335B004F3CCA44E839B /* ErrorHandlingService.swift in Sources */ = {isa = PBXBuildFile; fileRef = 42460C5E3F123FF1666FC0CD /* ErrorHandlingService.swift */; };
		924DD034B2C4329CE02308B7 /* LearningResourceCards.swift in Sources */ = {isa = PBXBuildFile; fileRef = EA73FC5A5D925777E0D7C564 /* LearningResourceCards.swift */; };
		93C537F1E0BB062F825CD1C2 /* SwiftDataModels.swift in Sources */ = {isa = PBXBuildFile; fileRef = D97B62371A7F22796EACAA2A /* SwiftDataModels.swift */; };
		93ED23F4B0D586D83DC92BFB /* AppIconView.swift in Sources */ = {isa = PBXBuildFile; fileRef = 5FEC208A31B3D16BCB77A11F /* AppIconView.swift */; };
		96135CB2505A5EC2A6D96069 /* LaunchScreenView.swift in Sources */ = {isa = PBXBuildFile; fileRef = 97F5517617EECE37AA28266F /* LaunchScreenView.swift */; };
		981BD86E20950D88313A6737 /* SettingsView.swift in Sources */ = {isa = PBXBuildFile; fileRef = B5369183C37F7098FE23998A /* SettingsView.swift */; };
		98F632D6683E429B91165388 /* LyoApp/Views/UnityContainerView.swift in Sources */ = {isa = PBXBuildFile; fileRef = 4C6123561D814905BCA3EEDA /* LyoApp/Views/UnityContainerView.swift */; };
		99D342B7B9DF021FEE987919 /* GamificationOverlay.swift in Sources */ = {isa = PBXBuildFile; fileRef = 769E7DC97B1B53920079E269 /* GamificationOverlay.swift */; };
		9A444894FC46A30EE95B3AF0 /* SearchSuggestionsView.swift in Sources */ = {isa = PBXBuildFile; fileRef = 8415ED887BC609E4B38D0C1F /* SearchSuggestionsView.swift */; };
		9C01BE2BAF0B29A287E7DA54 /* YouTubeEducationService.swift in Sources */ = {isa = PBXBuildFile; fileRef = 4C92A0EBE985007E0C42A9A2 /* YouTubeEducationService.swift */; };
		9C0E507751533C47651D3DD7 /* ErrorTracker.swift in Sources */ = {isa = PBXBuildFile; fileRef = 53C0AB6A4B780E5CD8BA19B3 /* ErrorTracker.swift */; };
		9F7F24CE7D3F11E4464A43D7 /* AppIconGenerator.swift in Sources */ = {isa = PBXBuildFile; fileRef = B8D24C756672FD41C53FA453 /* AppIconGenerator.swift */; };
		A4BEE7865F47C8DFE6E6183E /* AuthenticationManager.swift in Sources */ = {isa = PBXBuildFile; fileRef = 23D306285A1594C71631A401 /* AuthenticationManager.swift */; };
		A807F71CCD4CF0DFF19E0794 /* ContentPlayerService.swift in Sources */ = {isa = PBXBuildFile; fileRef = D8EDE2EB34E6961666967BF6 /* ContentPlayerService.swift */; };
		A9F0CE63A1578F9150D326FF /* ContentDisplayComponents.swift in Sources */ = {isa = PBXBuildFile; fileRef = 6F951537A440496351DAA781 /* ContentDisplayComponents.swift */; };
		AC621EA98D9872BAABBB3F1C /* CommunityView.swift in Sources */ = {isa = PBXBuildFile; fileRef = F3A8EC6A21E31E252E8EEBEC /* CommunityView.swift */; };
		AD1AC80F800D3EA220595435 /* CoreLearningProgress.swift in Sources */ = {isa = PBXBuildFile; fileRef = 1C9BD4DC170D7BF43EFF19BF /* CoreLearningProgress.swift */; };
		AFA6E7AE6ECF18E1481F748E /* FuturisticHeaderView.swift in Sources */ = {isa = PBXBuildFile; fileRef = E5E1CB99080A6A3ADEE2BA68 /* FuturisticHeaderView.swift */; };
		AFF1F8457E31652CC8A99EC4 /* DataManager.swift in Sources */ = {isa = PBXBuildFile; fileRef = 6A38DD36ABC5BAAD40A818F6 /* DataManager.swift */; };
		BA09602939B18786AEF207B7 /* SpecializedViews.swift in Sources */ = {isa = PBXBuildFile; fileRef = E157CAC5E11F9261CC4E4111 /* SpecializedViews.swift */; };
		BC0E63F5E1544C822D8C8A9C /* EducationalAPIsStatusReport.md in Resources */ = {isa = PBXBuildFile; fileRef = 9EF41F554186627A7FE9D10D /* EducationalAPIsStatusReport.md */; };
		C49F8AB57CDE6A1C0E2BF05C /* SearchComponents.swift in Sources */ = {isa = PBXBuildFile; fileRef = 01D044AB5E448B4F717C1A0B /* SearchComponents.swift */; };
		CA1DBD54C7480D8F76029561 /* LioAI.swift in Sources */ = {isa = PBXBuildFile; fileRef = 2899C963A80B61D83EF15726 /* LioAI.swift */; };
		CA7682C244FCD0990CFDEB3F /* VoiceActivationService.swift in Sources */ = {isa = PBXBuildFile; fileRef = 2FC9CC5B0DC599C7320042B5 /* VoiceActivationService.swift */; };
		CC68C88A70AADCBAB5DA3C86 /* iOSSubmissionDashboard.swift in Sources */ = {isa = PBXBuildFile; fileRef = CE8B10B8BEA83C8C3D3EEC45 /* iOSSubmissionDashboard.swift */; };
		CDE07EE0F69469E1D9379C99 /* BackendConfig.swift in Sources */ = {isa = PBXBuildFile; fileRef = 9AD995B20062E2D8FEF9B7F8 /* BackendConfig.swift */; };
		CE07144D6D83B4B6434753EE /* WebSocketService.swift in Sources */ = {isa = PBXBuildFile; fileRef = B42A97879620A52348A83377 /* WebSocketService.swift */; };
		D0BE8B92110A4BCFCCD3C326 /* AIModels.swift in Sources */ = {isa = PBXBuildFile; fileRef = 389E2A71924339227EC03B80 /* AIModels.swift */; };
		D2BAE0300431D7B5C7F32E11 /* NotificationManager.swift in Sources */ = {isa = PBXBuildFile; fileRef = 33E2B600DC7B23355FE0307C /* NotificationManager.swift */; };
		D43FDCAA78B95B3C9C452D8B /* CoreServices.swift in Sources */ = {isa = PBXBuildFile; fileRef = DB8D7AF97C9B6DE4D909F19B /* CoreServices.swift */; };
		DBB0FE66FAE644A8B14797E1 /* LyoApp/Unity/UnityBridge.swift in Sources */ = {isa = PBXBuildFile; fileRef = F5CA01703A6740DEAA7FD749 /* LyoApp/Unity/UnityBridge.swift */; };
		DD43B17FD33BB11631A41861 /* GemmaService.swift in Sources */ = {isa = PBXBuildFile; fileRef = F2FF07DBA0F9EB6988D443A1 /* GemmaService.swift */; };
		DDD231FE44970555CCC22666 /* SearchViewModel.swift in Sources */ = {isa = PBXBuildFile; fileRef = FBFF4AED827EE9E58F2C84F7 /* SearchViewModel.swift */; };
		E13C04FE8AC9E6B22D4F18F8 /* DownloadManager.swift in Sources */ = {isa = PBXBuildFile; fileRef = C903E6A458BA8A0BC58EB414 /* DownloadManager.swift */; };
		E2648914F8EE207934809887 /* iOS_Submission_Preparation.swift in Sources */ = {isa = PBXBuildFile; fileRef = 72AA4E5D4B945BB4A596342F /* iOS_Submission_Preparation.swift */; };
		E4D08D50FAA8CE517AEF25F1 /* AIOnboardingFlowView.swift in Sources */ = {isa = PBXBuildFile; fileRef = 1E99689F49663592647047E7 /* AIOnboardingFlowView.swift */; };
		E7406D7EE0C897677C905F02 /* LearningAssistantViewModel.swift in Sources */ = {isa = PBXBuildFile; fileRef = 4B456BC2CF7E36046E58E7F1 /* LearningAssistantViewModel.swift */; };
		E78F830E740912AC2C00D9AC /* StorageManager.swift in Sources */ = {isa = PBXBuildFile; fileRef = 91D86B060F5770E84D34ADEA /* StorageManager.swift */; };
		EA0783E720CFD83A463191C0 /* TypingIndicator.swift in Sources */ = {isa = PBXBuildFile; fileRef = EEDB7AFA7B9DFCD4DCCFDE40 /* TypingIndicator.swift */; };
		EEF8F387BFB71DD38E5CD3D1 /* RealContentService.swift in Sources */ = {isa = PBXBuildFile; fileRef = 410F3DABFAF85071970BD36C /* RealContentService.swift */; };
		F0C928E9499B16E2069BC651 /* AuthenticationService.swift in Sources */ = {isa = PBXBuildFile; fileRef = 8D7C53DA2C1DF3D6EEB44360 /* AuthenticationService.swift */; };
		F4DF5A4B1E87EFDEF5B01D16 /* MoreTabView.swift in Sources */ = {isa = PBXBuildFile; fileRef = 16B4DB8C2C525CD622E49736 /* MoreTabView.swift */; };
		F67EACA164FD582133D58B98 /* LearningResource.swift in Sources */ = {isa = PBXBuildFile; fileRef = 04E7F0C7A240EB573D73EAB4 /* LearningResource.swift */; };
		F8DC081D0082A81458275DD3 /* EducationalContentPerformanceMonitor.swift in Sources */ = {isa = PBXBuildFile; fileRef = A3533B3DEA6DE34E767209CA /* EducationalContentPerformanceMonitor.swift */; };
		F916A10170E2056E0DCFA9C1 /* BlurView.swift in Sources */ = {isa = PBXBuildFile; fileRef = C283EF43245E65562297669A /* BlurView.swift */; };
		F931C05ECC7833A4674D6294 /* APIConfig.swift in Sources */ = {isa = PBXBuildFile; fileRef = 2B19E35CA6690716187B40DC /* APIConfig.swift */; };
		FD806CB8C6EE0C250FECD87B /* SearchHeaderView.swift in Sources */ = {isa = PBXBuildFile; fileRef = 23D6B4754913D5AC7F3B4F27 /* SearchHeaderView.swift */; };
		FF27B03C011A2898BC0A0EE2 /* DesignSystem.swift in Sources */ = {isa = PBXBuildFile; fileRef = E744088E2146A51E7D5748BC /* DesignSystem.swift */; };
/* End PBXBuildFile section */

/* Begin PBXFileReference section */
		01D044AB5E448B4F717C1A0B /* SearchComponents.swift */ = {isa = PBXFileReference; lastKnownFileType = sourcecode.swift; path = SearchComponents.swift; sourceTree = "<group>"; };
		023E96DF02E1FCB120142337 /* AISearchView.swift */ = {isa = PBXFileReference; lastKnownFileType = sourcecode.swift; path = AISearchView.swift; sourceTree = "<group>"; };
		040697D43344FB53E77E31B8 /* EducationalContentManager.swift */ = {isa = PBXFileReference; lastKnownFileType = sourcecode.swift; path = EducationalContentManager.swift; sourceTree = "<group>"; };
		04E7F0C7A240EB573D73EAB4 /* LearningResource.swift */ = {isa = PBXFileReference; lastKnownFileType = sourcecode.swift; path = LearningResource.swift; sourceTree = "<group>"; };
		0B79DC809F7BC3657C6FB949 /* PostView.swift */ = {isa = PBXFileReference; lastKnownFileType = sourcecode.swift; path = PostView.swift; sourceTree = "<group>"; };
		0B93A78CE19383035CCF9755 /* EdXCoursesService.swift */ = {isa = PBXFileReference; lastKnownFileType = sourcecode.swift; path = EdXCoursesService.swift; sourceTree = "<group>"; };
		0E6BB571E49D2867BCADD242 /* LyoAPIService.swift */ = {isa = PBXFileReference; lastKnownFileType = sourcecode.swift; path = LyoAPIService.swift; sourceTree = "<group>"; };
		1185CB790FF031A57C26462F /* FreeCoursesService.swift */ = {isa = PBXFileReference; lastKnownFileType = sourcecode.swift; path = FreeCoursesService.swift; sourceTree = "<group>"; };
		11D827CFB24915CDEFCC1179 /* EdXCourseBrowserView.swift */ = {isa = PBXFileReference; lastKnownFileType = sourcecode.swift; path = EdXCourseBrowserView.swift; sourceTree = "<group>"; };
		15E3FCD4FBE22EDF40ECD2CB /* APIKeys.swift */ = {isa = PBXFileReference; lastKnownFileType = sourcecode.swift; path = APIKeys.swift; sourceTree = "<group>"; };
		15EBF3D1C833E01E685B74D2 /* MessengerView.swift */ = {isa = PBXFileReference; lastKnownFileType = sourcecode.swift; path = MessengerView.swift; sourceTree = "<group>"; };
		16B4DB8C2C525CD622E49736 /* MoreTabView.swift */ = {isa = PBXFileReference; lastKnownFileType = sourcecode.swift; path = MoreTabView.swift; sourceTree = "<group>"; };
		18805D843D24D162131534E2 /* DesignTokens.swift */ = {isa = PBXFileReference; lastKnownFileType = sourcecode.swift; path = DesignTokens.swift; sourceTree = "<group>"; };
		18BF9308EBEE0755ADFC9ABB /* FloatingActionButton.swift */ = {isa = PBXFileReference; lastKnownFileType = sourcecode.swift; path = FloatingActionButton.swift; sourceTree = "<group>"; };
		1AC8071F3C18FBEFD698E768 /* LearningHubView.swift */ = {isa = PBXFileReference; lastKnownFileType = sourcecode.swift; path = LearningHubView.swift; sourceTree = "<group>"; };
		1C9BD4DC170D7BF43EFF19BF /* CoreLearningProgress.swift */ = {isa = PBXFileReference; lastKnownFileType = sourcecode.swift; path = CoreLearningProgress.swift; sourceTree = "<group>"; };
		1E99689F49663592647047E7 /* AIOnboardingFlowView.swift */ = {isa = PBXFileReference; lastKnownFileType = sourcecode.swift; path = AIOnboardingFlowView.swift; sourceTree = "<group>"; };
		221B8D3E4BFD0AD74F80D5D1 /* LibraryView.swift */ = {isa = PBXFileReference; lastKnownFileType = sourcecode.swift; path = LibraryView.swift; sourceTree = "<group>"; };
		23D306285A1594C71631A401 /* AuthenticationManager.swift */ = {isa = PBXFileReference; lastKnownFileType = sourcecode.swift; path = AuthenticationManager.swift; sourceTree = "<group>"; };
		23D6B4754913D5AC7F3B4F27 /* SearchHeaderView.swift */ = {isa = PBXFileReference; lastKnownFileType = sourcecode.swift; path = SearchHeaderView.swift; sourceTree = "<group>"; };
		25875417BA97D8E159D0F82E /* LearnTabView.swift */ = {isa = PBXFileReference; lastKnownFileType = sourcecode.swift; path = LearnTabView.swift; sourceTree = "<group>"; };
		26FAE8093E310259E465B847 /* NetworkLayer.swift */ = {isa = PBXFileReference; lastKnownFileType = sourcecode.swift; path = NetworkLayer.swift; sourceTree = "<group>"; };
		270CDC7A7F2F2F44E02EB376 /* AIAvatarIntegration.swift */ = {isa = PBXFileReference; lastKnownFileType = sourcecode.swift; path = AIAvatarIntegration.swift; sourceTree = "<group>"; };
		2899C963A80B61D83EF15726 /* LioAI.swift */ = {isa = PBXFileReference; lastKnownFileType = sourcecode.swift; path = LioAI.swift; sourceTree = "<group>"; };
		2B19E35CA6690716187B40DC /* APIConfig.swift */ = {isa = PBXFileReference; lastKnownFileType = sourcecode.swift; path = APIConfig.swift; sourceTree = "<group>"; };
		2B420AA42B5E2760F2878099 /* AvatarCompanionCoordinator.swift */ = {isa = PBXFileReference; lastKnownFileType = sourcecode.swift; path = AvatarCompanionCoordinator.swift; sourceTree = "<group>"; };
		2E4820A80D731AC7E27FFDA6 /* GoogleBooksService.swift */ = {isa = PBXFileReference; lastKnownFileType = sourcecode.swift; path = GoogleBooksService.swift; sourceTree = "<group>"; };
		2FC9CC5B0DC599C7320042B5 /* VoiceActivationService.swift */ = {isa = PBXFileReference; lastKnownFileType = sourcecode.swift; path = VoiceActivationService.swift; sourceTree = "<group>"; };
		33E2B600DC7B23355FE0307C /* NotificationManager.swift */ = {isa = PBXFileReference; lastKnownFileType = sourcecode.swift; path = NotificationManager.swift; sourceTree = "<group>"; };
		35FE04CA56FAA9228F3A5F02 /* LessonModels.swift */ = {isa = PBXFileReference; lastKnownFileType = sourcecode.swift; path = LessonModels.swift; sourceTree = "<group>"; };
		389E2A71924339227EC03B80 /* AIModels.swift */ = {isa = PBXFileReference; lastKnownFileType = sourcecode.swift; path = AIModels.swift; sourceTree = "<group>"; };
		3AB92F8D6DCDB39827550B64 /* ContentSection.swift */ = {isa = PBXFileReference; lastKnownFileType = sourcecode.swift; path = ContentSection.swift; sourceTree = "<group>"; };
		3E088D802BEFF04AA1872F21 /* LyoApp.app */ = {isa = PBXFileReference; explicitFileType = wrapper.application; includeInIndex = 0; path = LyoApp.app; sourceTree = BUILT_PRODUCTS_DIR; };
		3E2B09E30520BC1DF43A1D89 /* Preview Assets.xcassets */ = {isa = PBXFileReference; lastKnownFileType = folder.assetcatalog; path = "Preview Assets.xcassets"; sourceTree = "<group>"; };
		410F3DABFAF85071970BD36C /* RealContentService.swift */ = {isa = PBXFileReference; lastKnownFileType = sourcecode.swift; path = RealContentService.swift; sourceTree = "<group>"; };
		41CE2AF2F3879F3F9EE20860 /* SimpleChatView.swift */ = {isa = PBXFileReference; lastKnownFileType = sourcecode.swift; path = SimpleChatView.swift; sourceTree = "<group>"; };
		42460C5E3F123FF1666FC0CD /* ErrorHandlingService.swift */ = {isa = PBXFileReference; lastKnownFileType = sourcecode.swift; path = ErrorHandlingService.swift; sourceTree = "<group>"; };
		4283BFD1E83F1E03B0A7FEEE /* LyoWebSocketService.swift */ = {isa = PBXFileReference; lastKnownFileType = sourcecode.swift; path = LyoWebSocketService.swift; sourceTree = "<group>"; };
		464F16FD00F9F3989510A958 /* ValidationHelper.swift */ = {isa = PBXFileReference; lastKnownFileType = sourcecode.swift; path = ValidationHelper.swift; sourceTree = "<group>"; };
		4791D476B0F27752BD31CC08 /* LyoConfiguration.swift */ = {isa = PBXFileReference; lastKnownFileType = sourcecode.swift; path = LyoConfiguration.swift; sourceTree = "<group>"; };
		48E3D513690BCB485663C042 /* AnalyticsManager.swift */ = {isa = PBXFileReference; lastKnownFileType = sourcecode.swift; path = AnalyticsManager.swift; sourceTree = "<group>"; };
		497A52CB663A204A6D353292 /* VoiceRecognizer.swift */ = {isa = PBXFileReference; lastKnownFileType = sourcecode.swift; path = VoiceRecognizer.swift; sourceTree = "<group>"; };
		4B456BC2CF7E36046E58E7F1 /* LearningAssistantViewModel.swift */ = {isa = PBXFileReference; lastKnownFileType = sourcecode.swift; path = LearningAssistantViewModel.swift; sourceTree = "<group>"; };
		4C6123561D814905BCA3EEDA /* LyoApp/Views/UnityContainerView.swift */ = {isa = PBXFileReference; lastKnownFileType = sourcecode.swift; path = LyoApp/Views/UnityContainerView.swift; sourceTree = "<group>"; };
		4C92A0EBE985007E0C42A9A2 /* YouTubeEducationService.swift */ = {isa = PBXFileReference; lastKnownFileType = sourcecode.swift; path = YouTubeEducationService.swift; sourceTree = "<group>"; };
		4DC35EC4BB06919945358855 /* Models.swift */ = {isa = PBXFileReference; lastKnownFileType = sourcecode.swift; path = Models.swift; sourceTree = "<group>"; };
		53222F984FEEB1A50EB3E7B8 /* APIError.swift */ = {isa = PBXFileReference; lastKnownFileType = sourcecode.swift; path = APIError.swift; sourceTree = "<group>"; };
		53B98E6F0D7BF46450D98D1E /* LearningAPIService.swift */ = {isa = PBXFileReference; lastKnownFileType = sourcecode.swift; path = LearningAPIService.swift; sourceTree = "<group>"; };
		53C0AB6A4B780E5CD8BA19B3 /* ErrorTracker.swift */ = {isa = PBXFileReference; lastKnownFileType = sourcecode.swift; path = ErrorTracker.swift; sourceTree = "<group>"; };
		5589107C6702F8FF6BEF601A /* RealAPIService.swift */ = {isa = PBXFileReference; lastKnownFileType = sourcecode.swift; path = RealAPIService.swift; sourceTree = "<group>"; };
		5B4AB4BA4D5FAE67B94EF298 /* DownloadManagerService.swift */ = {isa = PBXFileReference; lastKnownFileType = sourcecode.swift; path = DownloadManagerService.swift; sourceTree = "<group>"; };
		5B819F9A8F025AFC323FBE04 /* ContentView.swift */ = {isa = PBXFileReference; lastKnownFileType = sourcecode.swift; path = ContentView.swift; sourceTree = "<group>"; };
		5EFDF836CAAF185B97D688AC /* LearningSearchViewModel.swift */ = {isa = PBXFileReference; lastKnownFileType = sourcecode.swift; path = LearningSearchViewModel.swift; sourceTree = "<group>"; };
		5FEC208A31B3D16BCB77A11F /* AppIconView.swift */ = {isa = PBXFileReference; lastKnownFileType = sourcecode.swift; path = AppIconView.swift; sourceTree = "<group>"; };
		600A9F3980D1840C043D0A19 /* LyoApp.swift */ = {isa = PBXFileReference; lastKnownFileType = sourcecode.swift; path = LyoApp.swift; sourceTree = "<group>"; };
		6665E42F4719F7676848E421 /* HomeFeedView.swift */ = {isa = PBXFileReference; lastKnownFileType = sourcecode.swift; path = HomeFeedView.swift; sourceTree = "<group>"; };
		6815C36B9967456CAF5BADF0 /* LyoApp/Services/BackgroundScheduler.swift */ = {isa = PBXFileReference; lastKnownFileType = sourcecode.swift; path = LyoApp/Services/BackgroundScheduler.swift; sourceTree = "<group>"; };
		6A211FE83AE646D8839F935B /* UnityData */ = {isa = PBXFileReference; lastKnownFileType = folder; name = UnityData; path = LyoApp/UnityData; sourceTree = "<group>"; };
		6A38DD36ABC5BAAD40A818F6 /* DataManager.swift */ = {isa = PBXFileReference; lastKnownFileType = sourcecode.swift; path = DataManager.swift; sourceTree = "<group>"; };
		6F951537A440496351DAA781 /* ContentDisplayComponents.swift */ = {isa = PBXFileReference; lastKnownFileType = sourcecode.swift; path = ContentDisplayComponents.swift; sourceTree = "<group>"; };
		6FDC9D4A0CD5937A55F174B9 /* ProductionConfiguration.swift */ = {isa = PBXFileReference; lastKnownFileType = sourcecode.swift; path = ProductionConfiguration.swift; sourceTree = "<group>"; };
		70E82852074EE781E05D6F42 /* AppServices.swift */ = {isa = PBXFileReference; lastKnownFileType = sourcecode.swift; path = AppServices.swift; sourceTree = "<group>"; };
		72AA4E5D4B945BB4A596342F /* iOS_Submission_Preparation.swift */ = {isa = PBXFileReference; lastKnownFileType = sourcecode.swift; path = iOS_Submission_Preparation.swift; sourceTree = "<group>"; };
		769E7DC97B1B53920079E269 /* GamificationOverlay.swift */ = {isa = PBXFileReference; lastKnownFileType = sourcecode.swift; path = GamificationOverlay.swift; sourceTree = "<group>"; };
		7D915DBF4841F30DE7719A6C /* AuthenticationView.swift */ = {isa = PBXFileReference; lastKnownFileType = sourcecode.swift; path = AuthenticationView.swift; sourceTree = "<group>"; };
		80A77A71B17C98E0239167EC /* LaunchScreen.storyboard */ = {isa = PBXFileReference; lastKnownFileType = file.storyboard; path = LaunchScreen.storyboard; sourceTree = "<group>"; };
		8415ED887BC609E4B38D0C1F /* SearchSuggestionsView.swift */ = {isa = PBXFileReference; lastKnownFileType = sourcecode.swift; path = SearchSuggestionsView.swift; sourceTree = "<group>"; };
		8C31A37D66795C96FF2112AC /* FeaturedContentCarousel.swift */ = {isa = PBXFileReference; lastKnownFileType = sourcecode.swift; path = FeaturedContentCarousel.swift; sourceTree = "<group>"; };
		8CA9503D4D21CEEFA252EBFD /* AppStateExtensions.swift */ = {isa = PBXFileReference; lastKnownFileType = sourcecode.swift; path = AppStateExtensions.swift; sourceTree = "<group>"; };
		8D7C53DA2C1DF3D6EEB44360 /* AuthenticationService.swift */ = {isa = PBXFileReference; lastKnownFileType = sourcecode.swift; path = AuthenticationService.swift; sourceTree = "<group>"; };
		8DD826658A4DC8AB7ED42787 /* ConfigurationManager.swift */ = {isa = PBXFileReference; lastKnownFileType = sourcecode.swift; path = ConfigurationManager.swift; sourceTree = "<group>"; };
		903D186D2DA18B38F80FB2B1 /* UserDataManager.swift */ = {isa = PBXFileReference; lastKnownFileType = sourcecode.swift; path = UserDataManager.swift; sourceTree = "<group>"; };
		91D86B060F5770E84D34ADEA /* StorageManager.swift */ = {isa = PBXFileReference; lastKnownFileType = sourcecode.swift; path = StorageManager.swift; sourceTree = "<group>"; };
		92ACFCF6440A9D60D0125ED0 /* SearchResultsView.swift */ = {isa = PBXFileReference; lastKnownFileType = sourcecode.swift; path = SearchResultsView.swift; sourceTree = "<group>"; };
		96D239C5CA64C49F0D76899D /* ProductionConfig.swift */ = {isa = PBXFileReference; lastKnownFileType = sourcecode.swift; path = ProductionConfig.swift; sourceTree = "<group>"; };
		97F5517617EECE37AA28266F /* LaunchScreenView.swift */ = {isa = PBXFileReference; lastKnownFileType = sourcecode.swift; path = LaunchScreenView.swift; sourceTree = "<group>"; };
		9890A9B73B9A20B1CCA2145C /* ProfessionalLibraryView.swift */ = {isa = PBXFileReference; lastKnownFileType = sourcecode.swift; path = ProfessionalLibraryView.swift; sourceTree = "<group>"; };
		990D2F7674E07956D45B8EEC /* LearningDataService.swift */ = {isa = PBXFileReference; lastKnownFileType = sourcecode.swift; path = LearningDataService.swift; sourceTree = "<group>"; };
		9AD995B20062E2D8FEF9B7F8 /* BackendConfig.swift */ = {isa = PBXFileReference; lastKnownFileType = sourcecode.swift; path = BackendConfig.swift; sourceTree = "<group>"; };
		9C68A57A1EB3A1223235AA19 /* MarketReadinessImplementation.swift */ = {isa = PBXFileReference; lastKnownFileType = sourcecode.swift; path = MarketReadinessImplementation.swift; sourceTree = "<group>"; };
		9EF41F554186627A7FE9D10D /* EducationalAPIsStatusReport.md */ = {isa = PBXFileReference; lastKnownFileType = net.daringfireball.markdown; path = EducationalAPIsStatusReport.md; sourceTree = "<group>"; };
		A0C9D95B6BBE7C6DEAD4989E /* CoreDataManager.swift */ = {isa = PBXFileReference; lastKnownFileType = sourcecode.swift; path = CoreDataManager.swift; sourceTree = "<group>"; };
		A21DC08CD59DB175CDE4830B /* HeaderView.swift */ = {isa = PBXFileReference; lastKnownFileType = sourcecode.swift; path = HeaderView.swift; sourceTree = "<group>"; };
		A3533B3DEA6DE34E767209CA /* EducationalContentPerformanceMonitor.swift */ = {isa = PBXFileReference; lastKnownFileType = sourcecode.swift; path = EducationalContentPerformanceMonitor.swift; sourceTree = "<group>"; };
		A389D70B057F69A73DC5F98B /* AIFullChatViewWithCompletion.swift */ = {isa = PBXFileReference; lastKnownFileType = sourcecode.swift; path = AIFullChatViewWithCompletion.swift; sourceTree = "<group>"; };
		A7FA25957E265014DF06CB14 /* CoreDataEntities.swift */ = {isa = PBXFileReference; lastKnownFileType = sourcecode.swift; path = CoreDataEntities.swift; sourceTree = "<group>"; };
		A9C2BD51BA2C11C9D2E2F9E4 /* SafeJSONDecoding.swift */ = {isa = PBXFileReference; lastKnownFileType = sourcecode.swift; path = SafeJSONDecoding.swift; sourceTree = "<group>"; };
		AC200FB6C557C84DC6D95169 /* EnhancedStoryCreationView.swift */ = {isa = PBXFileReference; lastKnownFileType = sourcecode.swift; path = EnhancedStoryCreationView.swift; sourceTree = "<group>"; };
		AD63049D3023C9888A91E65F /* ProfessionalMessengerView.swift */ = {isa = PBXFileReference; lastKnownFileType = sourcecode.swift; path = ProfessionalMessengerView.swift; sourceTree = "<group>"; };
		B23B45B16D6C395DCFB408FB /* PodcastEducationService.swift */ = {isa = PBXFileReference; lastKnownFileType = sourcecode.swift; path = PodcastEducationService.swift; sourceTree = "<group>"; };
		B3FD4CE591E6A573E0638AFC /* CompilationVerification.swift */ = {isa = PBXFileReference; lastKnownFileType = sourcecode.swift; path = CompilationVerification.swift; sourceTree = "<group>"; };
		B42A97879620A52348A83377 /* WebSocketService.swift */ = {isa = PBXFileReference; lastKnownFileType = sourcecode.swift; path = WebSocketService.swift; sourceTree = "<group>"; };
		B5369183C37F7098FE23998A /* SettingsView.swift */ = {isa = PBXFileReference; lastKnownFileType = sourcecode.swift; path = SettingsView.swift; sourceTree = "<group>"; };
		B8D24C756672FD41C53FA453 /* AppIconGenerator.swift */ = {isa = PBXFileReference; lastKnownFileType = sourcecode.swift; path = AppIconGenerator.swift; sourceTree = "<group>"; };
		B8E4A0FEB92FBCE60BE99B69 /* LessonBlockView.swift */ = {isa = PBXFileReference; lastKnownFileType = sourcecode.swift; path = LessonBlockView.swift; sourceTree = "<group>"; };
		B90C1E44B131AEE117D7A048 /* CourseRepository.swift */ = {isa = PBXFileReference; lastKnownFileType = sourcecode.swift; path = CourseRepository.swift; sourceTree = "<group>"; };
		B9F4D60638B5BDA8434E046C /* AppStoreScreenshots.swift */ = {isa = PBXFileReference; lastKnownFileType = sourcecode.swift; path = AppStoreScreenshots.swift; sourceTree = "<group>"; };
		BCE632F1CB2341C65C258CC8 /* SafeLearningCardView.swift */ = {isa = PBXFileReference; lastKnownFileType = sourcecode.swift; path = SafeLearningCardView.swift; sourceTree = "<group>"; };
		BD337AFED5436780B913F4B9 /* KeychainManager.swift */ = {isa = PBXFileReference; lastKnownFileType = sourcecode.swift; path = KeychainManager.swift; sourceTree = "<group>"; };
		C283EF43245E65562297669A /* BlurView.swift */ = {isa = PBXFileReference; lastKnownFileType = sourcecode.swift; path = BlurView.swift; sourceTree = "<group>"; };
		C2D675DCCC577DD7EBFD03F7 /* MessageBubble.swift */ = {isa = PBXFileReference; lastKnownFileType = sourcecode.swift; path = MessageBubble.swift; sourceTree = "<group>"; };
		C75D4CCFD25F740961DE5867 /* Assets.xcassets */ = {isa = PBXFileReference; lastKnownFileType = folder.assetcatalog; path = Assets.xcassets; sourceTree = "<group>"; };
		C903E6A458BA8A0BC58EB414 /* DownloadManager.swift */ = {isa = PBXFileReference; lastKnownFileType = sourcecode.swift; path = DownloadManager.swift; sourceTree = "<group>"; };
		C9A138D23085B978F95F809C /* AppState.swift */ = {isa = PBXFileReference; lastKnownFileType = sourcecode.swift; path = AppState.swift; sourceTree = "<group>"; };
		CCED48EAE47A6A92C07E8852 /* LearnView.swift */ = {isa = PBXFileReference; lastKnownFileType = sourcecode.swift; path = LearnView.swift; sourceTree = "<group>"; };
		CE0D74D109D5FCB0EEAEB8A1 /* AIAvatarView.swift */ = {isa = PBXFileReference; lastKnownFileType = sourcecode.swift; path = AIAvatarView.swift; sourceTree = "<group>"; };
		CE8B10B8BEA83C8C3D3EEC45 /* iOSSubmissionDashboard.swift */ = {isa = PBXFileReference; lastKnownFileType = sourcecode.swift; path = iOSSubmissionDashboard.swift; sourceTree = "<group>"; };
		CF704F08EA528B8F38CC7DF5 /* DataPersistenceManager.swift */ = {isa = PBXFileReference; lastKnownFileType = sourcecode.swift; path = DataPersistenceManager.swift; sourceTree = "<group>"; };
		D00BD24CB7CB5CE5DF89E2B3 /* SimpleNetworkManager.swift */ = {isa = PBXFileReference; lastKnownFileType = sourcecode.swift; path = SimpleNetworkManager.swift; sourceTree = "<group>"; };
		D1D6DFCB4C692276B5454BFD /* LearningAssistantView.swift */ = {isa = PBXFileReference; lastKnownFileType = sourcecode.swift; path = LearningAssistantView.swift; sourceTree = "<group>"; };
		D26EABA49A3E5DEE4211A875 /* Info.plist */ = {isa = PBXFileReference; lastKnownFileType = text.plist; path = Info.plist; sourceTree = "<group>"; };
		D8EDE2EB34E6961666967BF6 /* ContentPlayerService.swift */ = {isa = PBXFileReference; lastKnownFileType = sourcecode.swift; path = ContentPlayerService.swift; sourceTree = "<group>"; };
		D900AEF9F7B22764A996EB02 /* FeedModels.swift */ = {isa = PBXFileReference; lastKnownFileType = sourcecode.swift; path = FeedModels.swift; sourceTree = "<group>"; };
		D95233FE04D0A72001CAA3BD /* LearningCardView.swift */ = {isa = PBXFileReference; lastKnownFileType = sourcecode.swift; path = LearningCardView.swift; sourceTree = "<group>"; };
		D97B62371A7F22796EACAA2A /* SwiftDataModels.swift */ = {isa = PBXFileReference; lastKnownFileType = sourcecode.swift; path = SwiftDataModels.swift; sourceTree = "<group>"; };
		DB8D7AF97C9B6DE4D909F19B /* CoreServices.swift */ = {isa = PBXFileReference; lastKnownFileType = sourcecode.swift; path = CoreServices.swift; sourceTree = "<group>"; };
		DD11CC175D41EE55ACFF983A /* LearningComponents.swift */ = {isa = PBXFileReference; lastKnownFileType = sourcecode.swift; path = LearningComponents.swift; sourceTree = "<group>"; };
		DD6CFA3C1BBD781AA1ADF2BC /* APIResponseModels.swift */ = {isa = PBXFileReference; lastKnownFileType = sourcecode.swift; path = APIResponseModels.swift; sourceTree = "<group>"; };
		E157CAC5E11F9261CC4E4111 /* SpecializedViews.swift */ = {isa = PBXFileReference; lastKnownFileType = sourcecode.swift; path = SpecializedViews.swift; sourceTree = "<group>"; };
		E186DE69AD84D1D693EC8A14 /* QuantumGateRiftButton.swift */ = {isa = PBXFileReference; lastKnownFileType = sourcecode.swift; path = QuantumGateRiftButton.swift; sourceTree = "<group>"; };
		E3BE039FEF09C3AB0BF385D7 /* ProfessionalAISearchView.swift */ = {isa = PBXFileReference; lastKnownFileType = sourcecode.swift; path = ProfessionalAISearchView.swift; sourceTree = "<group>"; };
		E5E1CB99080A6A3ADEE2BA68 /* FuturisticHeaderView.swift */ = {isa = PBXFileReference; lastKnownFileType = sourcecode.swift; path = FuturisticHeaderView.swift; sourceTree = "<group>"; };
		E744088E2146A51E7D5748BC /* DesignSystem.swift */ = {isa = PBXFileReference; lastKnownFileType = sourcecode.swift; path = DesignSystem.swift; sourceTree = "<group>"; };
		E944CC2331C1D4DD610A258B /* PostRepository.swift */ = {isa = PBXFileReference; lastKnownFileType = sourcecode.swift; path = PostRepository.swift; sourceTree = "<group>"; };
		EA73FC5A5D925777E0D7C564 /* LearningResourceCards.swift */ = {isa = PBXFileReference; lastKnownFileType = sourcecode.swift; path = LearningResourceCards.swift; sourceTree = "<group>"; };
		EEDB7AFA7B9DFCD4DCCFDE40 /* TypingIndicator.swift */ = {isa = PBXFileReference; lastKnownFileType = sourcecode.swift; path = TypingIndicator.swift; sourceTree = "<group>"; };
		EFC18CE8BF15A0E3CA6CD4FE /* HapticManager.swift */ = {isa = PBXFileReference; lastKnownFileType = sourcecode.swift; path = HapticManager.swift; sourceTree = "<group>"; };
		F1E688F6A56AB7AB6AA75FB1 /* LocalSearchService.swift */ = {isa = PBXFileReference; lastKnownFileType = sourcecode.swift; path = LocalSearchService.swift; sourceTree = "<group>"; };
		F2FF07DBA0F9EB6988D443A1 /* GemmaService.swift */ = {isa = PBXFileReference; lastKnownFileType = sourcecode.swift; path = GemmaService.swift; sourceTree = "<group>"; };
		F3A8EC6A21E31E252E8EEBEC /* CommunityView.swift */ = {isa = PBXFileReference; lastKnownFileType = sourcecode.swift; path = CommunityView.swift; sourceTree = "<group>"; };
		F3EE76890402AF7382181F71 /* NetworkMonitor.swift */ = {isa = PBXFileReference; lastKnownFileType = sourcecode.swift; path = NetworkMonitor.swift; sourceTree = "<group>"; };
		F3EFD1D3B0001C0B673ABAD9 /* ErrorHandler.swift */ = {isa = PBXFileReference; lastKnownFileType = sourcecode.swift; path = ErrorHandler.swift; sourceTree = "<group>"; };
		F432806DCE27A419E3B68EDA /* RemoteAPI.swift */ = {isa = PBXFileReference; lastKnownFileType = sourcecode.swift; path = RemoteAPI.swift; sourceTree = "<group>"; };
		F456DF306A7BB0198AC11A4E /* APIClient.swift */ = {isa = PBXFileReference; lastKnownFileType = sourcecode.swift; path = APIClient.swift; sourceTree = "<group>"; };
		F5CA01703A6740DEAA7FD749 /* LyoApp/Unity/UnityBridge.swift */ = {isa = PBXFileReference; lastKnownFileType = sourcecode.swift; path = LyoApp/Unity/UnityBridge.swift; sourceTree = "<group>"; };
		FBFF4AED827EE9E58F2C84F7 /* SearchViewModel.swift */ = {isa = PBXFileReference; lastKnownFileType = sourcecode.swift; path = SearchViewModel.swift; sourceTree = "<group>"; };
		FFB48DA20EDCBEA07CF360B8 /* UserRepository.swift */ = {isa = PBXFileReference; lastKnownFileType = sourcecode.swift; path = UserRepository.swift; sourceTree = "<group>"; };
/* End PBXFileReference section */

/* Begin PBXGroup section */
		001E512FAECA36F11DF57C0A /* Learning */ = {
			isa = PBXGroup;
			children = (
			);
			path = Learning;
			sourceTree = "<group>";
		};
		01A0530B69E2C6D34AD53FC2 /* Repositories */ = {
			isa = PBXGroup;
			children = (
				B90C1E44B131AEE117D7A048 /* CourseRepository.swift */,
				E944CC2331C1D4DD610A258B /* PostRepository.swift */,
				FFB48DA20EDCBEA07CF360B8 /* UserRepository.swift */,
			);
			path = Repositories;
			sourceTree = "<group>";
		};
		07F54B2205994D190D107114 /* Feed */ = {
			isa = PBXGroup;
			children = (
			);
			path = Feed;
			sourceTree = "<group>";
		};
		0D68D3525DCFD7C6CFBF4908 /* Products */ = {
			isa = PBXGroup;
			children = (
				3E088D802BEFF04AA1872F21 /* LyoApp.app */,
			);
			name = Products;
			sourceTree = "<group>";
		};
		17B47E9EBDE52F9C41A1085C /* Components */ = {
			isa = PBXGroup;
			children = (
				C283EF43245E65562297669A /* BlurView.swift */,
			);
			path = Components;
			sourceTree = "<group>";
		};
		1AFDA1CEB14746F07366A79B = {
			isa = PBXGroup;
			children = (
				8CA8452090AEBF166E954ADC /* LyoApp */,
				0D68D3525DCFD7C6CFBF4908 /* Products */,
				34731A462EA94F4E009A2AFA /* Recovered References */,
			);
			sourceTree = "<group>";
		};
		1CC32D5E572D064B32A0E2A4 /* Preview Content */ = {
			isa = PBXGroup;
			children = (
				3E2B09E30520BC1DF43A1D89 /* Preview Assets.xcassets */,
			);
			path = "Preview Content";
			sourceTree = "<group>";
		};
		2126B00D4C2888039C4456E7 /* Views */ = {
			isa = PBXGroup;
			children = (
				6F951537A440496351DAA781 /* ContentDisplayComponents.swift */,
				3AB92F8D6DCDB39827550B64 /* ContentSection.swift */,
				8C31A37D66795C96FF2112AC /* FeaturedContentCarousel.swift */,
				D1D6DFCB4C692276B5454BFD /* LearningAssistantView.swift */,
				D95233FE04D0A72001CAA3BD /* LearningCardView.swift */,
				1AC8071F3C18FBEFD698E768 /* LearningHubView.swift */,
				EA73FC5A5D925777E0D7C564 /* LearningResourceCards.swift */,
				CCED48EAE47A6A92C07E8852 /* LearnView.swift */,
				01D044AB5E448B4F717C1A0B /* SearchComponents.swift */,
				23D6B4754913D5AC7F3B4F27 /* SearchHeaderView.swift */,
				92ACFCF6440A9D60D0125ED0 /* SearchResultsView.swift */,
				8415ED887BC609E4B38D0C1F /* SearchSuggestionsView.swift */,
			);
			path = Views;
			sourceTree = "<group>";
		};
		3399AE60373526DAD82DA8CD /* Services */ = {
			isa = PBXGroup;
			children = (
				48E3D513690BCB485663C042 /* AnalyticsManager.swift */,
				70E82852074EE781E05D6F42 /* AppServices.swift */,
				8D7C53DA2C1DF3D6EEB44360 /* AuthenticationService.swift */,
				D8EDE2EB34E6961666967BF6 /* ContentPlayerService.swift */,
				C903E6A458BA8A0BC58EB414 /* DownloadManager.swift */,
				5B4AB4BA4D5FAE67B94EF298 /* DownloadManagerService.swift */,
				53C0AB6A4B780E5CD8BA19B3 /* ErrorTracker.swift */,
				F2FF07DBA0F9EB6988D443A1 /* GemmaService.swift */,
				BD337AFED5436780B913F4B9 /* KeychainManager.swift */,
				990D2F7674E07956D45B8EEC /* LearningDataService.swift */,
				F3EE76890402AF7382181F71 /* NetworkMonitor.swift */,
				33E2B600DC7B23355FE0307C /* NotificationManager.swift */,
				5589107C6702F8FF6BEF601A /* RealAPIService.swift */,
				91D86B060F5770E84D34ADEA /* StorageManager.swift */,
			);
			path = Services;
			sourceTree = "<group>";
		};
		34731A462EA94F4E009A2AFA /* Recovered References */ = {
			isa = PBXGroup;
			children = (
				4C6123561D814905BCA3EEDA /* LyoApp/Views/UnityContainerView.swift */,
				6815C36B9967456CAF5BADF0 /* LyoApp/Services/BackgroundScheduler.swift */,
				F5CA01703A6740DEAA7FD749 /* LyoApp/Unity/UnityBridge.swift */,
				6A211FE83AE646D8839F935B /* UnityData */,
			);
			name = "Recovered References";
			sourceTree = "<group>";
		};
		3D211C349E9C2B2EDE6F51C4 /* ViewModels */ = {
			isa = PBXGroup;
			children = (
				4B456BC2CF7E36046E58E7F1 /* LearningAssistantViewModel.swift */,
				5EFDF836CAAF185B97D688AC /* LearningSearchViewModel.swift */,
				FBFF4AED827EE9E58F2C84F7 /* SearchViewModel.swift */,
			);
			path = ViewModels;
			sourceTree = "<group>";
		};
		41B7874C63CBC753C8F7DC11 /* Config */ = {
			isa = PBXGroup;
			children = (
				15E3FCD4FBE22EDF40ECD2CB /* APIKeys.swift */,
			);
			path = Config;
			sourceTree = "<group>";
		};
		49A7E77EA5B345E8B3FDB84E /* Core */ = {
			isa = PBXGroup;
			children = (
				9047442CFA5CBBAC4C612150 /* Configuration */,
			);
			path = Core;
			sourceTree = "<group>";
		};
		57CBB9BE3B216F57023F3305 /* Data */ = {
			isa = PBXGroup;
			children = (
				A0C9D95B6BBE7C6DEAD4989E /* CoreDataManager.swift */,
				CF704F08EA528B8F38CC7DF5 /* DataPersistenceManager.swift */,
				D97B62371A7F22796EACAA2A /* SwiftDataModels.swift */,
			);
			path = Data;
			sourceTree = "<group>";
		};
		5AA5A7830EE9579CCFAD26F9 /* LearningHub */ = {
			isa = PBXGroup;
			children = (
				9320EFA7EFA4BE2805E3BB82 /* Models */,
				9C296848C73D1C8BE5AB74DB /* Services */,
				3D211C349E9C2B2EDE6F51C4 /* ViewModels */,
				2126B00D4C2888039C4456E7 /* Views */,
			);
			path = LearningHub;
			sourceTree = "<group>";
		};
		5DA6CCF98EA26A92E2F5A60B /* Features */ = {
			isa = PBXGroup;
			children = (
				5ED7BF365089C6B634F7F9F2 /* Auth */,
				07F54B2205994D190D107114 /* Feed */,
				001E512FAECA36F11DF57C0A /* Learning */,
			);
			path = Features;
			sourceTree = "<group>";
		};
		5ED7BF365089C6B634F7F9F2 /* Auth */ = {
			isa = PBXGroup;
			children = (
			);
			path = Auth;
			sourceTree = "<group>";
		};
		7558ED4B4EE0554C263CF5B2 /* Managers */ = {
			isa = PBXGroup;
			children = (
				23D306285A1594C71631A401 /* AuthenticationManager.swift */,
				8DD826658A4DC8AB7ED42787 /* ConfigurationManager.swift */,
				F3EFD1D3B0001C0B673ABAD9 /* ErrorHandler.swift */,
			);
			path = Managers;
			sourceTree = "<group>";
		};
		82136B6B0B3B2E32A4AB25B6 /* Utilities */ = {
			isa = PBXGroup;
			children = (
				464F16FD00F9F3989510A958 /* ValidationHelper.swift */,
			);
			path = Utilities;
			sourceTree = "<group>";
		};
		8CA8452090AEBF166E954ADC /* LyoApp */ = {
			isa = PBXGroup;
			children = (
				270CDC7A7F2F2F44E02EB376 /* AIAvatarIntegration.swift */,
				CE0D74D109D5FCB0EEAEB8A1 /* AIAvatarView.swift */,
				A389D70B057F69A73DC5F98B /* AIFullChatViewWithCompletion.swift */,
				389E2A71924339227EC03B80 /* AIModels.swift */,
				1E99689F49663592647047E7 /* AIOnboardingFlowView.swift */,
				023E96DF02E1FCB120142337 /* AISearchView.swift */,
				F456DF306A7BB0198AC11A4E /* APIClient.swift */,
				2B19E35CA6690716187B40DC /* APIConfig.swift */,
				53222F984FEEB1A50EB3E7B8 /* APIError.swift */,
				DD6CFA3C1BBD781AA1ADF2BC /* APIResponseModels.swift */,
				B8D24C756672FD41C53FA453 /* AppIconGenerator.swift */,
				5FEC208A31B3D16BCB77A11F /* AppIconView.swift */,
				C9A138D23085B978F95F809C /* AppState.swift */,
				8CA9503D4D21CEEFA252EBFD /* AppStateExtensions.swift */,
				B9F4D60638B5BDA8434E046C /* AppStoreScreenshots.swift */,
				C75D4CCFD25F740961DE5867 /* Assets.xcassets */,
				7D915DBF4841F30DE7719A6C /* AuthenticationView.swift */,
				2B420AA42B5E2760F2878099 /* AvatarCompanionCoordinator.swift */,
				F3A8EC6A21E31E252E8EEBEC /* CommunityView.swift */,
				B3FD4CE591E6A573E0638AFC /* CompilationVerification.swift */,
				5B819F9A8F025AFC323FBE04 /* ContentView.swift */,
				A7FA25957E265014DF06CB14 /* CoreDataEntities.swift */,
				DB8D7AF97C9B6DE4D909F19B /* CoreServices.swift */,
				6A38DD36ABC5BAAD40A818F6 /* DataManager.swift */,
				E744088E2146A51E7D5748BC /* DesignSystem.swift */,
				18805D843D24D162131534E2 /* DesignTokens.swift */,
				9EF41F554186627A7FE9D10D /* EducationalAPIsStatusReport.md */,
				040697D43344FB53E77E31B8 /* EducationalContentManager.swift */,
				A3533B3DEA6DE34E767209CA /* EducationalContentPerformanceMonitor.swift */,
				11D827CFB24915CDEFCC1179 /* EdXCourseBrowserView.swift */,
				0B93A78CE19383035CCF9755 /* EdXCoursesService.swift */,
				AC200FB6C557C84DC6D95169 /* EnhancedStoryCreationView.swift */,
				42460C5E3F123FF1666FC0CD /* ErrorHandlingService.swift */,
				D900AEF9F7B22764A996EB02 /* FeedModels.swift */,
				18BF9308EBEE0755ADFC9ABB /* FloatingActionButton.swift */,
				1185CB790FF031A57C26462F /* FreeCoursesService.swift */,
				E5E1CB99080A6A3ADEE2BA68 /* FuturisticHeaderView.swift */,
				769E7DC97B1B53920079E269 /* GamificationOverlay.swift */,
				2E4820A80D731AC7E27FFDA6 /* GoogleBooksService.swift */,
				EFC18CE8BF15A0E3CA6CD4FE /* HapticManager.swift */,
				A21DC08CD59DB175CDE4830B /* HeaderView.swift */,
				6665E42F4719F7676848E421 /* HomeFeedView.swift */,
				D26EABA49A3E5DEE4211A875 /* Info.plist */,
				72AA4E5D4B945BB4A596342F /* iOS_Submission_Preparation.swift */,
				CE8B10B8BEA83C8C3D3EEC45 /* iOSSubmissionDashboard.swift */,
				80A77A71B17C98E0239167EC /* LaunchScreen.storyboard */,
				97F5517617EECE37AA28266F /* LaunchScreenView.swift */,
				DD11CC175D41EE55ACFF983A /* LearningComponents.swift */,
				25875417BA97D8E159D0F82E /* LearnTabView.swift */,
				B8E4A0FEB92FBCE60BE99B69 /* LessonBlockView.swift */,
				35FE04CA56FAA9228F3A5F02 /* LessonModels.swift */,
				221B8D3E4BFD0AD74F80D5D1 /* LibraryView.swift */,
				0E6BB571E49D2867BCADD242 /* LyoAPIService.swift */,
				600A9F3980D1840C043D0A19 /* LyoApp.swift */,
				4791D476B0F27752BD31CC08 /* LyoConfiguration.swift */,
				4283BFD1E83F1E03B0A7FEEE /* LyoWebSocketService.swift */,
				9C68A57A1EB3A1223235AA19 /* MarketReadinessImplementation.swift */,
				C2D675DCCC577DD7EBFD03F7 /* MessageBubble.swift */,
				15EBF3D1C833E01E685B74D2 /* MessengerView.swift */,
				4DC35EC4BB06919945358855 /* Models.swift */,
				16B4DB8C2C525CD622E49736 /* MoreTabView.swift */,
				26FAE8093E310259E465B847 /* NetworkLayer.swift */,
				B23B45B16D6C395DCFB408FB /* PodcastEducationService.swift */,
				0B79DC809F7BC3657C6FB949 /* PostView.swift */,
				96D239C5CA64C49F0D76899D /* ProductionConfig.swift */,
				6FDC9D4A0CD5937A55F174B9 /* ProductionConfiguration.swift */,
				E3BE039FEF09C3AB0BF385D7 /* ProfessionalAISearchView.swift */,
				9890A9B73B9A20B1CCA2145C /* ProfessionalLibraryView.swift */,
				AD63049D3023C9888A91E65F /* ProfessionalMessengerView.swift */,
				E186DE69AD84D1D693EC8A14 /* QuantumGateRiftButton.swift */,
				410F3DABFAF85071970BD36C /* RealContentService.swift */,
				A9C2BD51BA2C11C9D2E2F9E4 /* SafeJSONDecoding.swift */,
				BCE632F1CB2341C65C258CC8 /* SafeLearningCardView.swift */,
				B5369183C37F7098FE23998A /* SettingsView.swift */,
				41CE2AF2F3879F3F9EE20860 /* SimpleChatView.swift */,
				D00BD24CB7CB5CE5DF89E2B3 /* SimpleNetworkManager.swift */,
				E157CAC5E11F9261CC4E4111 /* SpecializedViews.swift */,
				EEDB7AFA7B9DFCD4DCCFDE40 /* TypingIndicator.swift */,
				903D186D2DA18B38F80FB2B1 /* UserDataManager.swift */,
				2FC9CC5B0DC599C7320042B5 /* VoiceActivationService.swift */,
				497A52CB663A204A6D353292 /* VoiceRecognizer.swift */,
				B42A97879620A52348A83377 /* WebSocketService.swift */,
				4C92A0EBE985007E0C42A9A2 /* YouTubeEducationService.swift */,
				17B47E9EBDE52F9C41A1085C /* Components */,
				41B7874C63CBC753C8F7DC11 /* Config */,
				49A7E77EA5B345E8B3FDB84E /* Core */,
				57CBB9BE3B216F57023F3305 /* Data */,
				5DA6CCF98EA26A92E2F5A60B /* Features */,
				5AA5A7830EE9579CCFAD26F9 /* LearningHub */,
				7558ED4B4EE0554C263CF5B2 /* Managers */,
				9DA77C513D11A603A5AD930F /* Models */,
				FB285B926FCC27C55E4ADCE1 /* Network */,
				1CC32D5E572D064B32A0E2A4 /* Preview Content */,
				01A0530B69E2C6D34AD53FC2 /* Repositories */,
				3399AE60373526DAD82DA8CD /* Services */,
				82136B6B0B3B2E32A4AB25B6 /* Utilities */,
			);
			path = LyoApp;
			sourceTree = "<group>";
		};
		9047442CFA5CBBAC4C612150 /* Configuration */ = {
			isa = PBXGroup;
			children = (
				9AD995B20062E2D8FEF9B7F8 /* BackendConfig.swift */,
			);
			path = Configuration;
			sourceTree = "<group>";
		};
		9320EFA7EFA4BE2805E3BB82 /* Models */ = {
			isa = PBXGroup;
			children = (
				04E7F0C7A240EB573D73EAB4 /* LearningResource.swift */,
			);
			path = Models;
			sourceTree = "<group>";
		};
		9C296848C73D1C8BE5AB74DB /* Services */ = {
			isa = PBXGroup;
			children = (
				53B98E6F0D7BF46450D98D1E /* LearningAPIService.swift */,
				2899C963A80B61D83EF15726 /* LioAI.swift */,
				F1E688F6A56AB7AB6AA75FB1 /* LocalSearchService.swift */,
				F432806DCE27A419E3B68EDA /* RemoteAPI.swift */,
			);
			path = Services;
			sourceTree = "<group>";
		};
		9DA77C513D11A603A5AD930F /* Models */ = {
			isa = PBXGroup;
			children = (
				1C9BD4DC170D7BF43EFF19BF /* CoreLearningProgress.swift */,
			);
			path = Models;
			sourceTree = "<group>";
		};
		FB285B926FCC27C55E4ADCE1 /* Network */ = {
			isa = PBXGroup;
			children = (
			);
			path = Network;
			sourceTree = "<group>";
		};
/* End PBXGroup section */

/* Begin PBXNativeTarget section */
		A28B2F6A2841D05C94353B17 /* LyoApp */ = {
			isa = PBXNativeTarget;
			buildConfigurationList = BD79114C974635CF02C2B9AE /* Build configuration list for PBXNativeTarget "LyoApp" */;
			buildPhases = (
				92A5145C75D5A57ABAFEE26F /* Sources */,
				7EAFD8174816D51F38B06C1D /* Resources */,
			);
			buildRules = (
			);
			dependencies = (
			);
			name = LyoApp;
			packageProductDependencies = (
				34D26DA62EAC604A00A78962 /* Nuke */,
				34D26DA72EAC604A00A78962 /* NukeExtensions */,
				34D26DA82EAC604A00A78962 /* NukeUI */,
				34D26DA92EAC604A00A78962 /* NukeVideo */,
			);
			productName = LyoApp;
			productReference = 3E088D802BEFF04AA1872F21 /* LyoApp.app */;
			productType = "com.apple.product-type.application";
		};
/* End PBXNativeTarget section */

/* Begin PBXProject section */
		2D2171893EB55A81FA2429BA /* Project object */ = {
			isa = PBXProject;
			attributes = {
				BuildIndependentTargetsInParallel = YES;
				LastUpgradeCheck = 2600;
				TargetAttributes = {
					A28B2F6A2841D05C94353B17 = {
						DevelopmentTeam = 5QZDMJGN7B;
						ProvisioningStyle = Automatic;
					};
				};
			};
			buildConfigurationList = 9E9F3B2E433D8F361858F496 /* Build configuration list for PBXProject "LyoApp" */;
			compatibilityVersion = "Xcode 14.0";
			developmentRegion = en;
			hasScannedForEncodings = 0;
			knownRegions = (
				Base,
				en,
			);
			mainGroup = 1AFDA1CEB14746F07366A79B;
			minimizedProjectReferenceProxies = 1;
			packageReferences = (
				34D26DA52EAC604A00A78962 /* XCRemoteSwiftPackageReference "Nuke" */,
			);
			projectDirPath = "";
			projectRoot = "";
			targets = (
				A28B2F6A2841D05C94353B17 /* LyoApp */,
			);
		};
/* End PBXProject section */

/* Begin PBXResourcesBuildPhase section */
		7EAFD8174816D51F38B06C1D /* Resources */ = {
			isa = PBXResourcesBuildPhase;
			buildActionMask = 2147483647;
			files = (
				890F800B9C0041FDAA120206 /* UnityData in Resources */,
				43F233702523B94C0E53879C /* Assets.xcassets in Resources */,
				BC0E63F5E1544C822D8C8A9C /* EducationalAPIsStatusReport.md in Resources */,
				6E9F71C95F388616DA343066 /* LaunchScreen.storyboard in Resources */,
				7664EDC53BD6CCCB8EC4DFF6 /* Preview Assets.xcassets in Resources */,
			);
			runOnlyForDeploymentPostprocessing = 0;
		};
/* End PBXResourcesBuildPhase section */

/* Begin PBXSourcesBuildPhase section */
		92A5145C75D5A57ABAFEE26F /* Sources */ = {
			isa = PBXSourcesBuildPhase;
			buildActionMask = 2147483647;
			files = (
				98F632D6683E429B91165388 /* LyoApp/Views/UnityContainerView.swift in Sources */,
				137FBBC2A63C4741B79830AC /* LyoApp/Services/BackgroundScheduler.swift in Sources */,
				DBB0FE66FAE644A8B14797E1 /* LyoApp/Unity/UnityBridge.swift in Sources */,
				591C1D802AA4DF439FF23D01 /* AIAvatarIntegration.swift in Sources */,
				059DFA4253B5073396BCB5BF /* AIAvatarView.swift in Sources */,
				54D0CC3AAF0295567DAEE24E /* AIFullChatViewWithCompletion.swift in Sources */,
				D0BE8B92110A4BCFCCD3C326 /* AIModels.swift in Sources */,
				E4D08D50FAA8CE517AEF25F1 /* AIOnboardingFlowView.swift in Sources */,
				7C9D38887C8E423A0681521A /* AISearchView.swift in Sources */,
				504CF1D98F5FA1C6413D67B3 /* APIClient.swift in Sources */,
				F931C05ECC7833A4674D6294 /* APIConfig.swift in Sources */,
				4F6ACFAFD597D3A11A22CE71 /* APIError.swift in Sources */,
				702170E1FC7FE8B6A9A5A571 /* APIKeys.swift in Sources */,
				825EE3082EB74E8DF34A02F1 /* APIResponseModels.swift in Sources */,
				628D6683840088B5F8FF471B /* AnalyticsManager.swift in Sources */,
				9F7F24CE7D3F11E4464A43D7 /* AppIconGenerator.swift in Sources */,
				93ED23F4B0D586D83DC92BFB /* AppIconView.swift in Sources */,
				64A6A3944FE5E872AC776F21 /* AppServices.swift in Sources */,
				1F5F0E88B55EE164A9AB7BBC /* AppState.swift in Sources */,
				6B907BB366019851AF38DE1A /* AppStateExtensions.swift in Sources */,
				6A72881CB0422C8B679A175A /* AppStoreScreenshots.swift in Sources */,
				A4BEE7865F47C8DFE6E6183E /* AuthenticationManager.swift in Sources */,
				F0C928E9499B16E2069BC651 /* AuthenticationService.swift in Sources */,
				5D1A0B87C352582DA07246E1 /* AuthenticationView.swift in Sources */,
				4CA272D76CF9A0EDFDA254FA /* AvatarCompanionCoordinator.swift in Sources */,
				CDE07EE0F69469E1D9379C99 /* BackendConfig.swift in Sources */,
				F916A10170E2056E0DCFA9C1 /* BlurView.swift in Sources */,
				AC621EA98D9872BAABBB3F1C /* CommunityView.swift in Sources */,
				1B4C1C4BA36CF163AE3A76DB /* CompilationVerification.swift in Sources */,
				7FCACA4F5548B86A5728F0E9 /* ConfigurationManager.swift in Sources */,
				A9F0CE63A1578F9150D326FF /* ContentDisplayComponents.swift in Sources */,
				A807F71CCD4CF0DFF19E0794 /* ContentPlayerService.swift in Sources */,
				08EE8DC187B96456F12489CF /* ContentSection.swift in Sources */,
				54C3B0EAD3C1FC124C4FC347 /* ContentView.swift in Sources */,
				5C8006820BE13B01FCE0F232 /* CoreDataEntities.swift in Sources */,
				45989CC8B99924EAE55AAB4B /* CoreDataManager.swift in Sources */,
				AD1AC80F800D3EA220595435 /* CoreLearningProgress.swift in Sources */,
				D43FDCAA78B95B3C9C452D8B /* CoreServices.swift in Sources */,
				37AA9808A55819004EB45214 /* CourseRepository.swift in Sources */,
				AFF1F8457E31652CC8A99EC4 /* DataManager.swift in Sources */,
				67B6AA2D78D675E3B235251C /* DataPersistenceManager.swift in Sources */,
				FF27B03C011A2898BC0A0EE2 /* DesignSystem.swift in Sources */,
				6F0804EBEB2903CE323D97C4 /* DesignTokens.swift in Sources */,
				E13C04FE8AC9E6B22D4F18F8 /* DownloadManager.swift in Sources */,
				55FDEE9D4F37902C9168F993 /* DownloadManagerService.swift in Sources */,
				101FB4904FE8D964065089BD /* EdXCourseBrowserView.swift in Sources */,
				8697C01D9827E8F1DA6D8F9C /* EdXCoursesService.swift in Sources */,
				4A19DFF08C02E76DE240C270 /* EducationalContentManager.swift in Sources */,
				F8DC081D0082A81458275DD3 /* EducationalContentPerformanceMonitor.swift in Sources */,
				0F2FB343B3A969E971B42E00 /* EnhancedStoryCreationView.swift in Sources */,
				8B512EA198F08A8EF13358B9 /* ErrorHandler.swift in Sources */,
				8D252335B004F3CCA44E839B /* ErrorHandlingService.swift in Sources */,
				9C0E507751533C47651D3DD7 /* ErrorTracker.swift in Sources */,
				2504FB617A9F30C40AF4A86A /* FeaturedContentCarousel.swift in Sources */,
				87C293755A6BE9124F958F00 /* FeedModels.swift in Sources */,
				16D6E860CE43BE681236F2D3 /* FloatingActionButton.swift in Sources */,
				6BCCC23C30949292AB5E9C26 /* FreeCoursesService.swift in Sources */,
				AFA6E7AE6ECF18E1481F748E /* FuturisticHeaderView.swift in Sources */,
				99D342B7B9DF021FEE987919 /* GamificationOverlay.swift in Sources */,
				DD43B17FD33BB11631A41861 /* GemmaService.swift in Sources */,
				0CBA99CB7F6874965584AF3A /* GoogleBooksService.swift in Sources */,
				105F7EB838EEAACC23999F4A /* HapticManager.swift in Sources */,
				35A5A1A3973BED1B6140FAFE /* HeaderView.swift in Sources */,
				4B588DC477DF068ACE41FBFA /* HomeFeedView.swift in Sources */,
				30786DB5E1B7249E951C7252 /* KeychainManager.swift in Sources */,
				96135CB2505A5EC2A6D96069 /* LaunchScreenView.swift in Sources */,
				43416377F1FB973C33068207 /* LearnTabView.swift in Sources */,
				5448D3EEB3D1C656FD4B713C /* LearnView.swift in Sources */,
				539722FA84432A6A3AAE59A5 /* LearningAPIService.swift in Sources */,
				174E33CB7BD534E8FFD20DD6 /* LearningAssistantView.swift in Sources */,
				E7406D7EE0C897677C905F02 /* LearningAssistantViewModel.swift in Sources */,
				811E63535F6EAB2B112A2ECA /* LearningCardView.swift in Sources */,
				7405D9B54DF494F6776D0713 /* LearningComponents.swift in Sources */,
				5B9DD215985AB223F6E68D29 /* LearningDataService.swift in Sources */,
				2A6F567731F3BCE6841A93AF /* LearningHubView.swift in Sources */,
				F67EACA164FD582133D58B98 /* LearningResource.swift in Sources */,
				924DD034B2C4329CE02308B7 /* LearningResourceCards.swift in Sources */,
				45DCF5C4ADFFDB8CC1DA0EC5 /* LearningSearchViewModel.swift in Sources */,
				3F5BADB0CCBD4378BB2D601C /* LessonBlockView.swift in Sources */,
				330A34CC004130053120612C /* LessonModels.swift in Sources */,
				1DC8DD6F937037BE336359F9 /* LibraryView.swift in Sources */,
				CA1DBD54C7480D8F76029561 /* LioAI.swift in Sources */,
				0A85817D24F7B41FDD57386C /* LocalSearchService.swift in Sources */,
				509ED01AF6E924B6465399EA /* LyoAPIService.swift in Sources */,
				862EF79A0E315C4180D6959E /* LyoApp.swift in Sources */,
				26567E7D2B5DC1D456DE0516 /* LyoConfiguration.swift in Sources */,
				4A6176BBA954BE126266D1F7 /* LyoWebSocketService.swift in Sources */,
				4B331DCC0AE5C580079567B7 /* MarketReadinessImplementation.swift in Sources */,
				565005CC3F8A28D90A4B891B /* MessageBubble.swift in Sources */,
				4F1479D8621E75594C73A14B /* MessengerView.swift in Sources */,
				7B32ED2B358C7748F457F4C8 /* Models.swift in Sources */,
				F4DF5A4B1E87EFDEF5B01D16 /* MoreTabView.swift in Sources */,
				8389DE86AF88B619A4CFD776 /* NetworkLayer.swift in Sources */,
				5FC5C33B27EE319AECAAC9A3 /* NetworkMonitor.swift in Sources */,
				D2BAE0300431D7B5C7F32E11 /* NotificationManager.swift in Sources */,
				584A8AC5E4D60930C2479E1E /* PodcastEducationService.swift in Sources */,
				1DF39CADF16398F93C5E1CFB /* PostRepository.swift in Sources */,
				0592652EEB17E93E6F54AC8C /* PostView.swift in Sources */,
				7D5AAEC37F78A08F100FE3F2 /* ProductionConfig.swift in Sources */,
				6A51F7B25918C433CCBC0F6D /* ProductionConfiguration.swift in Sources */,
				5A5420C52C64C821F84194AF /* ProfessionalAISearchView.swift in Sources */,
				6CA804771E4320CE8F276567 /* ProfessionalLibraryView.swift in Sources */,
				70D3097FB2EE6DBB951584DE /* ProfessionalMessengerView.swift in Sources */,
				0E961FF3B77A1606A7856C0F /* QuantumGateRiftButton.swift in Sources */,
				481209DF2BD9F0717C36558A /* RealAPIService.swift in Sources */,
				EEF8F387BFB71DD38E5CD3D1 /* RealContentService.swift in Sources */,
				0EEB2E6725C5007B2F9D0DF6 /* RemoteAPI.swift in Sources */,
				092307F2D23C76F41E8C509E /* SafeJSONDecoding.swift in Sources */,
				8040231B37BE5CED18608A91 /* SafeLearningCardView.swift in Sources */,
				C49F8AB57CDE6A1C0E2BF05C /* SearchComponents.swift in Sources */,
				FD806CB8C6EE0C250FECD87B /* SearchHeaderView.swift in Sources */,
				899703D6AE1E127DC7DB11F2 /* SearchResultsView.swift in Sources */,
				9A444894FC46A30EE95B3AF0 /* SearchSuggestionsView.swift in Sources */,
				DDD231FE44970555CCC22666 /* SearchViewModel.swift in Sources */,
				981BD86E20950D88313A6737 /* SettingsView.swift in Sources */,
				6F73E432EF53DAE560E50316 /* SimpleChatView.swift in Sources */,
				68BF351F1E9E53234D4DA3EF /* SimpleNetworkManager.swift in Sources */,
				BA09602939B18786AEF207B7 /* SpecializedViews.swift in Sources */,
				E78F830E740912AC2C00D9AC /* StorageManager.swift in Sources */,
				93C537F1E0BB062F825CD1C2 /* SwiftDataModels.swift in Sources */,
				EA0783E720CFD83A463191C0 /* TypingIndicator.swift in Sources */,
				1916C9C459912A6F49B7BCD5 /* UserDataManager.swift in Sources */,
				1E1FDB1092F203918E60DA87 /* UserRepository.swift in Sources */,
				576C455E6C8093CCCA368BA9 /* ValidationHelper.swift in Sources */,
				CA7682C244FCD0990CFDEB3F /* VoiceActivationService.swift in Sources */,
				330ED1DD7740AE4E9BA87D40 /* VoiceRecognizer.swift in Sources */,
				CE07144D6D83B4B6434753EE /* WebSocketService.swift in Sources */,
				9C01BE2BAF0B29A287E7DA54 /* YouTubeEducationService.swift in Sources */,
				CC68C88A70AADCBAB5DA3C86 /* iOSSubmissionDashboard.swift in Sources */,
				E2648914F8EE207934809887 /* iOS_Submission_Preparation.swift in Sources */,
			);
			runOnlyForDeploymentPostprocessing = 0;
		};
/* End PBXSourcesBuildPhase section */

/* Begin XCBuildConfiguration section */
		7BF2DD8FAF25A84DB26DAF96 /* Release */ = {
			isa = XCBuildConfiguration;
			buildSettings = {
				ASSETCATALOG_COMPILER_APPICON_NAME = AppIcon;
				ASSETCATALOG_COMPILER_GLOBAL_ACCENT_COLOR_NAME = AccentColor;
				CODE_SIGNING_REQUIRED = YES;
				CODE_SIGN_IDENTITY = "Apple Development";
				CODE_SIGN_STYLE = Automatic;
				ENABLE_PREVIEWS = YES;
				INFOPLIST_FILE = LyoApp/Info.plist;
				IPHONEOS_DEPLOYMENT_TARGET = 17.0;
				LD_RUNPATH_SEARCH_PATHS = (
					"$(inherited)",
					"@executable_path/Frameworks",
				);
				PRODUCT_BUNDLE_IDENTIFIER = com.lyo.app;
				SDKROOT = iphoneos;
				SUPPORTS_MACCATALYST = NO;
				SWIFT_VERSION = 5.0;
				TARGETED_DEVICE_FAMILY = "1,2";
			};
			name = Release;
		};
		7E7DA06F17043A96DAB2FFA1 /* Debug */ = {
			isa = XCBuildConfiguration;
			buildSettings = {
				ALWAYS_SEARCH_USER_PATHS = NO;
				CLANG_ANALYZER_NONNULL = YES;
				CLANG_ANALYZER_NUMBER_OBJECT_CONVERSION = YES_AGGRESSIVE;
				CLANG_CXX_LANGUAGE_STANDARD = "gnu++14";
				CLANG_CXX_LIBRARY = "libc++";
				CLANG_ENABLE_MODULES = YES;
				CLANG_ENABLE_OBJC_ARC = YES;
				CLANG_ENABLE_OBJC_WEAK = YES;
				CLANG_WARN_BLOCK_CAPTURE_AUTORELEASING = YES;
				CLANG_WARN_BOOL_CONVERSION = YES;
				CLANG_WARN_COMMA = YES;
				CLANG_WARN_CONSTANT_CONVERSION = YES;
				CLANG_WARN_DEPRECATED_OBJC_IMPLEMENTATIONS = YES;
				CLANG_WARN_DIRECT_OBJC_ISA_USAGE = YES_ERROR;
				CLANG_WARN_DOCUMENTATION_COMMENTS = YES;
				CLANG_WARN_EMPTY_BODY = YES;
				CLANG_WARN_ENUM_CONVERSION = YES;
				CLANG_WARN_INFINITE_RECURSION = YES;
				CLANG_WARN_INT_CONVERSION = YES;
				CLANG_WARN_NON_LITERAL_NULL_CONVERSION = YES;
				CLANG_WARN_OBJC_IMPLICIT_RETAIN_SELF = YES;
				CLANG_WARN_OBJC_LITERAL_CONVERSION = YES;
				CLANG_WARN_OBJC_ROOT_CLASS = YES_ERROR;
				CLANG_WARN_QUOTED_INCLUDE_IN_FRAMEWORK_HEADER = YES;
				CLANG_WARN_RANGE_LOOP_ANALYSIS = YES;
				CLANG_WARN_STRICT_PROTOTYPES = YES;
				CLANG_WARN_SUSPICIOUS_MOVE = YES;
				CLANG_WARN_UNGUARDED_AVAILABILITY = YES_AGGRESSIVE;
				CLANG_WARN_UNREACHABLE_CODE = YES;
				CLANG_WARN__DUPLICATE_METHOD_MATCH = YES;
				COPY_PHASE_STRIP = NO;
				DEBUG_INFORMATION_FORMAT = dwarf;
				DEVELOPMENT_TEAM = 5QZDMJGN7B;
				ENABLE_STRICT_OBJC_MSGSEND = YES;
				ENABLE_TESTABILITY = YES;
				ENABLE_USER_SCRIPT_SANDBOXING = YES;
				GCC_C_LANGUAGE_STANDARD = gnu11;
				GCC_DYNAMIC_NO_PIC = NO;
				GCC_NO_COMMON_BLOCKS = YES;
				GCC_OPTIMIZATION_LEVEL = 0;
				GCC_PREPROCESSOR_DEFINITIONS = (
					"$(inherited)",
					"DEBUG=1",
				);
				GCC_WARN_64_TO_32_BIT_CONVERSION = YES;
				GCC_WARN_ABOUT_RETURN_TYPE = YES_ERROR;
				GCC_WARN_UNDECLARED_SELECTOR = YES;
				GCC_WARN_UNINITIALIZED_AUTOS = YES_AGGRESSIVE;
				GCC_WARN_UNUSED_FUNCTION = YES;
				GCC_WARN_UNUSED_VARIABLE = YES;
				IPHONEOS_DEPLOYMENT_TARGET = 17.0;
				MTL_ENABLE_DEBUG_INFO = INCLUDE_SOURCE;
				MTL_FAST_MATH = YES;
				ONLY_ACTIVE_ARCH = YES;
				PRODUCT_NAME = "$(TARGET_NAME)";
				SDKROOT = iphoneos;
				STRING_CATALOG_GENERATE_SYMBOLS = YES;
				SWIFT_ACTIVE_COMPILATION_CONDITIONS = DEBUG;
				SWIFT_OPTIMIZATION_LEVEL = "-Onone";
				SWIFT_VERSION = 5.0;
			};
			name = Debug;
		};
		8646731D59B1D087721101D5 /* Debug */ = {
			isa = XCBuildConfiguration;
			buildSettings = {
				ASSETCATALOG_COMPILER_APPICON_NAME = AppIcon;
				ASSETCATALOG_COMPILER_GLOBAL_ACCENT_COLOR_NAME = AccentColor;
				CODE_SIGNING_REQUIRED = YES;
				CODE_SIGN_IDENTITY = "Apple Development";
				CODE_SIGN_STYLE = Automatic;
				ENABLE_PREVIEWS = YES;
				INFOPLIST_FILE = LyoApp/Info.plist;
				IPHONEOS_DEPLOYMENT_TARGET = 17.0;
				LD_RUNPATH_SEARCH_PATHS = (
					"$(inherited)",
					"@executable_path/Frameworks",
				);
				PRODUCT_BUNDLE_IDENTIFIER = com.lyo.app;
				SDKROOT = iphoneos;
				SUPPORTS_MACCATALYST = NO;
				SWIFT_VERSION = 5.0;
				TARGETED_DEVICE_FAMILY = "1,2";
			};
			name = Debug;
		};
		B08D0156F7FF13CF61F646E9 /* Release */ = {
			isa = XCBuildConfiguration;
			buildSettings = {
				ALWAYS_SEARCH_USER_PATHS = NO;
				CLANG_ANALYZER_NONNULL = YES;
				CLANG_ANALYZER_NUMBER_OBJECT_CONVERSION = YES_AGGRESSIVE;
				CLANG_CXX_LANGUAGE_STANDARD = "gnu++14";
				CLANG_CXX_LIBRARY = "libc++";
				CLANG_ENABLE_MODULES = YES;
				CLANG_ENABLE_OBJC_ARC = YES;
				CLANG_ENABLE_OBJC_WEAK = YES;
				CLANG_WARN_BLOCK_CAPTURE_AUTORELEASING = YES;
				CLANG_WARN_BOOL_CONVERSION = YES;
				CLANG_WARN_COMMA = YES;
				CLANG_WARN_CONSTANT_CONVERSION = YES;
				CLANG_WARN_DEPRECATED_OBJC_IMPLEMENTATIONS = YES;
				CLANG_WARN_DIRECT_OBJC_ISA_USAGE = YES_ERROR;
				CLANG_WARN_DOCUMENTATION_COMMENTS = YES;
				CLANG_WARN_EMPTY_BODY = YES;
				CLANG_WARN_ENUM_CONVERSION = YES;
				CLANG_WARN_INFINITE_RECURSION = YES;
				CLANG_WARN_INT_CONVERSION = YES;
				CLANG_WARN_NON_LITERAL_NULL_CONVERSION = YES;
				CLANG_WARN_OBJC_IMPLICIT_RETAIN_SELF = YES;
				CLANG_WARN_OBJC_LITERAL_CONVERSION = YES;
				CLANG_WARN_OBJC_ROOT_CLASS = YES_ERROR;
				CLANG_WARN_QUOTED_INCLUDE_IN_FRAMEWORK_HEADER = YES;
				CLANG_WARN_RANGE_LOOP_ANALYSIS = YES;
				CLANG_WARN_STRICT_PROTOTYPES = YES;
				CLANG_WARN_SUSPICIOUS_MOVE = YES;
				CLANG_WARN_UNGUARDED_AVAILABILITY = YES_AGGRESSIVE;
				CLANG_WARN_UNREACHABLE_CODE = YES;
				CLANG_WARN__DUPLICATE_METHOD_MATCH = YES;
				COPY_PHASE_STRIP = NO;
				DEBUG_INFORMATION_FORMAT = "dwarf-with-dsym";
				DEVELOPMENT_TEAM = 5QZDMJGN7B;
				ENABLE_NS_ASSERTIONS = NO;
				ENABLE_STRICT_OBJC_MSGSEND = YES;
				ENABLE_USER_SCRIPT_SANDBOXING = YES;
				GCC_C_LANGUAGE_STANDARD = gnu11;
				GCC_NO_COMMON_BLOCKS = YES;
				GCC_WARN_64_TO_32_BIT_CONVERSION = YES;
				GCC_WARN_ABOUT_RETURN_TYPE = YES_ERROR;
				GCC_WARN_UNDECLARED_SELECTOR = YES;
				GCC_WARN_UNINITIALIZED_AUTOS = YES_AGGRESSIVE;
				GCC_WARN_UNUSED_FUNCTION = YES;
				GCC_WARN_UNUSED_VARIABLE = YES;
				IPHONEOS_DEPLOYMENT_TARGET = 17.0;
				MTL_ENABLE_DEBUG_INFO = NO;
				MTL_FAST_MATH = YES;
				PRODUCT_NAME = "$(TARGET_NAME)";
				SDKROOT = iphoneos;
				STRING_CATALOG_GENERATE_SYMBOLS = YES;
				SWIFT_COMPILATION_MODE = wholemodule;
				SWIFT_OPTIMIZATION_LEVEL = "-O";
				SWIFT_VERSION = 5.0;
			};
			name = Release;
		};
/* End XCBuildConfiguration section */

/* Begin XCConfigurationList section */
		9E9F3B2E433D8F361858F496 /* Build configuration list for PBXProject "LyoApp" */ = {
			isa = XCConfigurationList;
			buildConfigurations = (
				7E7DA06F17043A96DAB2FFA1 /* Debug */,
				B08D0156F7FF13CF61F646E9 /* Release */,
			);
			defaultConfigurationIsVisible = 0;
			defaultConfigurationName = Debug;
		};
		BD79114C974635CF02C2B9AE /* Build configuration list for PBXNativeTarget "LyoApp" */ = {
			isa = XCConfigurationList;
			buildConfigurations = (
				8646731D59B1D087721101D5 /* Debug */,
				7BF2DD8FAF25A84DB26DAF96 /* Release */,
			);
			defaultConfigurationIsVisible = 0;
			defaultConfigurationName = Debug;
		};
/* End XCConfigurationList section */

/* Begin XCRemoteSwiftPackageReference section */
		34D26DA52EAC604A00A78962 /* XCRemoteSwiftPackageReference "Nuke" */ = {
			isa = XCRemoteSwiftPackageReference;
			repositoryURL = "https://github.com/kean/Nuke.git";
			requirement = {
				kind = upToNextMajorVersion;
				minimumVersion = 12.8.0;
			};
		};
/* End XCRemoteSwiftPackageReference section */

/* Begin XCSwiftPackageProductDependency section */
		34D26DA62EAC604A00A78962 /* Nuke */ = {
			isa = XCSwiftPackageProductDependency;
			package = 34D26DA52EAC604A00A78962 /* XCRemoteSwiftPackageReference "Nuke" */;
			productName = Nuke;
		};
		34D26DA72EAC604A00A78962 /* NukeExtensions */ = {
			isa = XCSwiftPackageProductDependency;
			package = 34D26DA52EAC604A00A78962 /* XCRemoteSwiftPackageReference "Nuke" */;
			productName = NukeExtensions;
		};
		34D26DA82EAC604A00A78962 /* NukeUI */ = {
			isa = XCSwiftPackageProductDependency;
			package = 34D26DA52EAC604A00A78962 /* XCRemoteSwiftPackageReference "Nuke" */;
			productName = NukeUI;
		};
		34D26DA92EAC604A00A78962 /* NukeVideo */ = {
			isa = XCSwiftPackageProductDependency;
			package = 34D26DA52EAC604A00A78962 /* XCRemoteSwiftPackageReference "Nuke" */;
			productName = NukeVideo;
		};
/* End XCSwiftPackageProductDependency section */
	};
	rootObject = 2D2171893EB55A81FA2429BA /* Project object */;
}
