// !$*UTF8*$!
{
	archiveVersion = 1;
	classes = {
	};
	objectVersion = 63;
	objects = {

/* Begin PBXBuildFile section */
		0592652EEB17E93E6F54AC8C /* PostView.swift in Sources */ = {isa = PBXBuildFile; fileRef = 0B79DC809F7BC3657C6FB949 /* PostView.swift */; };
		16D6E860CE43BE681236F2D3 /* FloatingActionButton.swift in Sources */ = {isa = PBXBuildFile; fileRef = 18BF9308EBEE0755ADFC9ABB /* FloatingActionButton.swift */; };
		1B4C1C4BA36CF163AE3A76DB /* CompilationVerification.swift in Sources */ = {isa = PBXBuildFile; fileRef = B3FD4CE591E6A573E0638AFC /* CompilationVerification.swift */; };
		1DA8CB7E4B8737189BD38A40 /* CommunityView_new.swift in Sources */ = {isa = PBXBuildFile; fileRef = 68C13AAEC36CFCC2A7BE005B /* CommunityView_new.swift */; };
		1DC8DD6F937037BE336359F9 /* LibraryView.swift in Sources */ = {isa = PBXBuildFile; fileRef = 221B8D3E4BFD0AD74F80D5D1 /* LibraryView.swift */; };
		1F5F0E88B55EE164A9AB7BBC /* AppState.swift in Sources */ = {isa = PBXBuildFile; fileRef = C9A138D23085B978F95F809C /* AppState.swift */; };
		26567E7D2B5DC1D456DE0516 /* LyoConfiguration.swift in Sources */ = {isa = PBXBuildFile; fileRef = 4791D476B0F27752BD31CC08 /* LyoConfiguration.swift */; };
		2A23F4DB2E27F9A50030771A /* HomeFeedView.swift in Sources */ = {isa = PBXBuildFile; fileRef = 2A23F4DA2E27F9A50030771A /* HomeFeedView.swift */; };
		2A23F4DE2E2800770030771A /* LessonBlockView.swift in Sources */ = {isa = PBXBuildFile; fileRef = B8E4A0FEB92FBCE60BE99B69 /* LessonBlockView.swift */; };
		330A34CC004130053120612C /* LessonModels.swift in Sources */ = {isa = PBXBuildFile; fileRef = 35FE04CA56FAA9228F3A5F02 /* LessonModels.swift */; };
		330ED1DD7740AE4E9BA87D40 /* VoiceRecognizer.swift in Sources */ = {isa = PBXBuildFile; fileRef = 497A52CB663A204A6D353292 /* VoiceRecognizer.swift */; };
		35A5A1A3973BED1B6140FAFE /* HeaderView.swift in Sources */ = {isa = PBXBuildFile; fileRef = A21DC08CD59DB175CDE4830B /* HeaderView.swift */; };
		43F233702523B94C0E53879C /* Assets.xcassets in Resources */ = {isa = PBXBuildFile; fileRef = C75D4CCFD25F740961DE5867 /* Assets.xcassets */; };
		492B88A502DEFFD7AC639AF2 /* MainTabView.swift in Sources */ = {isa = PBXBuildFile; fileRef = DD5FE3B43216176FA1A5ADE4 /* MainTabView.swift */; };
		4A6176BBA954BE126266D1F7 /* LyoWebSocketService.swift in Sources */ = {isa = PBXBuildFile; fileRef = 4283BFD1E83F1E03B0A7FEEE /* LyoWebSocketService.swift */; };
		4C04437288B072F3D41BE3B5 /* PerformanceOptimization.swift.disabled in Resources */ = {isa = PBXBuildFile; fileRef = 4A41999992A8904A5050C5A0 /* PerformanceOptimization.swift.disabled */; };
		4F1479D8621E75594C73A14B /* MessengerView.swift in Sources */ = {isa = PBXBuildFile; fileRef = 15EBF3D1C833E01E685B74D2 /* MessengerView.swift */; };
		509ED01AF6E924B6465399EA /* LyoAPIService.swift in Sources */ = {isa = PBXBuildFile; fileRef = 0E6BB571E49D2867BCADD242 /* LyoAPIService.swift */; };
		54C3B0EAD3C1FC124C4FC347 /* ContentView.swift in Sources */ = {isa = PBXBuildFile; fileRef = 5B819F9A8F025AFC323FBE04 /* ContentView.swift */; };
		54D0CC3AAF0295567DAEE24E /* AIFullChatViewWithCompletion.swift in Sources */ = {isa = PBXBuildFile; fileRef = A389D70B057F69A73DC5F98B /* AIFullChatViewWithCompletion.swift */; };
		565005CC3F8A28D90A4B891B /* MessageBubble.swift in Sources */ = {isa = PBXBuildFile; fileRef = C2D675DCCC577DD7EBFD03F7 /* MessageBubble.swift */; };
		5D1A0B87C352582DA07246E1 /* AuthenticationView.swift in Sources */ = {isa = PBXBuildFile; fileRef = 7D915DBF4841F30DE7719A6C /* AuthenticationView.swift */; };
		6B907BB366019851AF38DE1A /* AppStateExtensions.swift in Sources */ = {isa = PBXBuildFile; fileRef = 8CA9503D4D21CEEFA252EBFD /* AppStateExtensions.swift */; };
		6E9F71C95F388616DA343066 /* LaunchScreen.storyboard in Resources */ = {isa = PBXBuildFile; fileRef = 80A77A71B17C98E0239167EC /* LaunchScreen.storyboard */; };
		6F0804EBEB2903CE323D97C4 /* DesignTokens.swift in Sources */ = {isa = PBXBuildFile; fileRef = 18805D843D24D162131534E2 /* DesignTokens.swift */; };
		6F73E432EF53DAE560E50316 /* SimpleChatView.swift in Sources */ = {isa = PBXBuildFile; fileRef = 41CE2AF2F3879F3F9EE20860 /* SimpleChatView.swift */; };
		7664EDC53BD6CCCB8EC4DFF6 /* Preview Assets.xcassets in Resources */ = {isa = PBXBuildFile; fileRef = 3E2B09E30520BC1DF43A1D89 /* Preview Assets.xcassets */; };
		7B32ED2B358C7748F457F4C8 /* Models.swift in Sources */ = {isa = PBXBuildFile; fileRef = 4DC35EC4BB06919945358855 /* Models.swift */; };
		7C9D38887C8E423A0681521A /* AISearchView.swift in Sources */ = {isa = PBXBuildFile; fileRef = 023E96DF02E1FCB120142337 /* AISearchView.swift */; };
		8389DE86AF88B619A4CFD776 /* NetworkLayer.swift in Sources */ = {isa = PBXBuildFile; fileRef = 26FAE8093E310259E465B847 /* NetworkLayer.swift */; };
		862EF79A0E315C4180D6959E /* LyoApp.swift in Sources */ = {isa = PBXBuildFile; fileRef = 600A9F3980D1840C043D0A19 /* LyoApp.swift */; };
		87C293755A6BE9124F958F00 /* FeedModels.swift in Sources */ = {isa = PBXBuildFile; fileRef = D900AEF9F7B22764A996EB02 /* FeedModels.swift */; };
		8D252335B004F3CCA44E839B /* ErrorHandlingService.swift in Sources */ = {isa = PBXBuildFile; fileRef = 42460C5E3F123FF1666FC0CD /* ErrorHandlingService.swift */; };
		93ED23F4B0D586D83DC92BFB /* AppIconView.swift in Sources */ = {isa = PBXBuildFile; fileRef = 5FEC208A31B3D16BCB77A11F /* AppIconView.swift */; };
		96C2A50FB352124F11B7A6B5 /* FinalTest.swift in Sources */ = {isa = PBXBuildFile; fileRef = 3D65AC11E38B5496176571DC /* FinalTest.swift */; };
		981BD86E20950D88313A6737 /* SettingsView.swift in Sources */ = {isa = PBXBuildFile; fileRef = B5369183C37F7098FE23998A /* SettingsView.swift */; };
		99D342B7B9DF021FEE987919 /* GamificationOverlay.swift in Sources */ = {isa = PBXBuildFile; fileRef = 769E7DC97B1B53920079E269 /* GamificationOverlay.swift */; };
		BA09602939B18786AEF207B7 /* SpecializedViews.swift in Sources */ = {isa = PBXBuildFile; fileRef = E157CAC5E11F9261CC4E4111 /* SpecializedViews.swift */; };
		CA7682C244FCD0990CFDEB3F /* VoiceActivationService.swift in Sources */ = {isa = PBXBuildFile; fileRef = 2FC9CC5B0DC599C7320042B5 /* VoiceActivationService.swift */; };
		CDBB716B81284B7A2CA26885 /* DiscoverView.swift in Sources */ = {isa = PBXBuildFile; fileRef = E28717C22D32A623B17D8B6E /* DiscoverView.swift */; };
		CE07144D6D83B4B6434753EE /* WebSocketService.swift in Sources */ = {isa = PBXBuildFile; fileRef = B42A97879620A52348A83377 /* WebSocketService.swift */; };
		D0BE8B92110A4BCFCCD3C326 /* AIModels.swift in Sources */ = {isa = PBXBuildFile; fileRef = 389E2A71924339227EC03B80 /* AIModels.swift */; };
		D43FDCAA78B95B3C9C452D8B /* CoreServices.swift in Sources */ = {isa = PBXBuildFile; fileRef = DB8D7AF97C9B6DE4D909F19B /* CoreServices.swift */; };
		E4D08D50FAA8CE517AEF25F1 /* AIOnboardingFlowView.swift in Sources */ = {isa = PBXBuildFile; fileRef = 1E99689F49663592647047E7 /* AIOnboardingFlowView.swift */; };
		EA0783E720CFD83A463191C0 /* TypingIndicator.swift in Sources */ = {isa = PBXBuildFile; fileRef = EEDB7AFA7B9DFCD4DCCFDE40 /* TypingIndicator.swift */; };
		F4DF5A4B1E87EFDEF5B01D16 /* MoreTabView.swift in Sources */ = {isa = PBXBuildFile; fileRef = 16B4DB8C2C525CD622E49736 /* MoreTabView.swift */; };
		FF27B03C011A2898BC0A0EE2 /* DesignSystem.swift in Sources */ = {isa = PBXBuildFile; fileRef = E744088E2146A51E7D5748BC /* DesignSystem.swift */; };
		AA111111111111AA111111AA /* AIAvatarView.swift in Sources */ = {isa = PBXBuildFile; fileRef = BB222222222222BB222222BB /* AIAvatarView.swift */; };
		CC333333333333CC333333CC /* AvatarCompanionCoordinator.swift in Sources */ = {isa = PBXBuildFile; fileRef = DD444444444444DD444444DD /* AvatarCompanionCoordinator.swift */; };
		EE555555555555EE555555EE /* LearnTabView.swift in Sources */ = {isa = PBXBuildFile; fileRef = FF666666666666FF666666FF /* LearnTabView.swift */; };
		1234567890ABCDEF12345678 /* AIAvatarIntegration.swift in Sources */ = {isa = PBXBuildFile; fileRef = ABCDEF1234567890ABCDEF12 /* AIAvatarIntegration.swift */; };
/* End PBXBuildFile section */

/* Begin PBXFileReference section */
		023E96DF02E1FCB120142337 /* AISearchView.swift */ = {isa = PBXFileReference; lastKnownFileType = sourcecode.swift; path = AISearchView.swift; sourceTree = "<group>"; };
		0B79DC809F7BC3657C6FB949 /* PostView.swift */ = {isa = PBXFileReference; lastKnownFileType = sourcecode.swift; path = PostView.swift; sourceTree = "<group>"; };
		0E6BB571E49D2867BCADD242 /* LyoAPIService.swift */ = {isa = PBXFileReference; lastKnownFileType = sourcecode.swift; path = LyoAPIService.swift; sourceTree = "<group>"; };
		15EBF3D1C833E01E685B74D2 /* MessengerView.swift */ = {isa = PBXFileReference; lastKnownFileType = sourcecode.swift; path = MessengerView.swift; sourceTree = "<group>"; };
		16B4DB8C2C525CD622E49736 /* MoreTabView.swift */ = {isa = PBXFileReference; lastKnownFileType = sourcecode.swift; path = MoreTabView.swift; sourceTree = "<group>"; };
		18805D843D24D162131534E2 /* DesignTokens.swift */ = {isa = PBXFileReference; lastKnownFileType = sourcecode.swift; path = DesignTokens.swift; sourceTree = "<group>"; };
		18BF9308EBEE0755ADFC9ABB /* FloatingActionButton.swift */ = {isa = PBXFileReference; lastKnownFileType = sourcecode.swift; path = FloatingActionButton.swift; sourceTree = "<group>"; };
		1E99689F49663592647047E7 /* AIOnboardingFlowView.swift */ = {isa = PBXFileReference; lastKnownFileType = sourcecode.swift; path = AIOnboardingFlowView.swift; sourceTree = "<group>"; };
		221B8D3E4BFD0AD74F80D5D1 /* LibraryView.swift */ = {isa = PBXFileReference; lastKnownFileType = sourcecode.swift; path = LibraryView.swift; sourceTree = "<group>"; };
		26FAE8093E310259E465B847 /* NetworkLayer.swift */ = {isa = PBXFileReference; lastKnownFileType = sourcecode.swift; path = NetworkLayer.swift; sourceTree = "<group>"; };
		2A23F4DA2E27F9A50030771A /* HomeFeedView.swift */ = {isa = PBXFileReference; lastKnownFileType = sourcecode.swift; path = HomeFeedView.swift; sourceTree = "<group>"; };
		2FC9CC5B0DC599C7320042B5 /* VoiceActivationService.swift */ = {isa = PBXFileReference; lastKnownFileType = sourcecode.swift; path = VoiceActivationService.swift; sourceTree = "<group>"; };
		35FE04CA56FAA9228F3A5F02 /* LessonModels.swift */ = {isa = PBXFileReference; lastKnownFileType = sourcecode.swift; path = LessonModels.swift; sourceTree = "<group>"; };
		389E2A71924339227EC03B80 /* AIModels.swift */ = {isa = PBXFileReference; lastKnownFileType = sourcecode.swift; path = AIModels.swift; sourceTree = "<group>"; };
		3D65AC11E38B5496176571DC /* FinalTest.swift */ = {isa = PBXFileReference; lastKnownFileType = sourcecode.swift; path = FinalTest.swift; sourceTree = "<group>"; };
		3E088D802BEFF04AA1872F21 /* LyoApp.app */ = {isa = PBXFileReference; explicitFileType = wrapper.application; includeInIndex = 0; path = LyoApp.app; sourceTree = BUILT_PRODUCTS_DIR; };
		3E2B09E30520BC1DF43A1D89 /* Preview Assets.xcassets */ = {isa = PBXFileReference; lastKnownFileType = folder.assetcatalog; path = "Preview Assets.xcassets"; sourceTree = "<group>"; };
		41CE2AF2F3879F3F9EE20860 /* SimpleChatView.swift */ = {isa = PBXFileReference; lastKnownFileType = sourcecode.swift; path = SimpleChatView.swift; sourceTree = "<group>"; };
		42460C5E3F123FF1666FC0CD /* ErrorHandlingService.swift */ = {isa = PBXFileReference; lastKnownFileType = sourcecode.swift; path = ErrorHandlingService.swift; sourceTree = "<group>"; };
		4283BFD1E83F1E03B0A7FEEE /* LyoWebSocketService.swift */ = {isa = PBXFileReference; lastKnownFileType = sourcecode.swift; path = LyoWebSocketService.swift; sourceTree = "<group>"; };
		4791D476B0F27752BD31CC08 /* LyoConfiguration.swift */ = {isa = PBXFileReference; lastKnownFileType = sourcecode.swift; path = LyoConfiguration.swift; sourceTree = "<group>"; };
		497A52CB663A204A6D353292 /* VoiceRecognizer.swift */ = {isa = PBXFileReference; lastKnownFileType = sourcecode.swift; path = VoiceRecognizer.swift; sourceTree = "<group>"; };
		4A41999992A8904A5050C5A0 /* PerformanceOptimization.swift.disabled */ = {isa = PBXFileReference; lastKnownFileType = text; path = PerformanceOptimization.swift.disabled; sourceTree = "<group>"; };
		4DC35EC4BB06919945358855 /* Models.swift */ = {isa = PBXFileReference; lastKnownFileType = sourcecode.swift; path = Models.swift; sourceTree = "<group>"; };
		5B819F9A8F025AFC323FBE04 /* ContentView.swift */ = {isa = PBXFileReference; lastKnownFileType = sourcecode.swift; path = ContentView.swift; sourceTree = "<group>"; };
		5FEC208A31B3D16BCB77A11F /* AppIconView.swift */ = {isa = PBXFileReference; lastKnownFileType = sourcecode.swift; path = AppIconView.swift; sourceTree = "<group>"; };
		600A9F3980D1840C043D0A19 /* LyoApp.swift */ = {isa = PBXFileReference; lastKnownFileType = sourcecode.swift; path = LyoApp.swift; sourceTree = "<group>"; };
		68C13AAEC36CFCC2A7BE005B /* CommunityView_new.swift */ = {isa = PBXFileReference; lastKnownFileType = sourcecode.swift; path = CommunityView_new.swift; sourceTree = "<group>"; };
		769E7DC97B1B53920079E269 /* GamificationOverlay.swift */ = {isa = PBXFileReference; lastKnownFileType = sourcecode.swift; path = GamificationOverlay.swift; sourceTree = "<group>"; };
		7D915DBF4841F30DE7719A6C /* AuthenticationView.swift */ = {isa = PBXFileReference; lastKnownFileType = sourcecode.swift; path = AuthenticationView.swift; sourceTree = "<group>"; };
		80A77A71B17C98E0239167EC /* LaunchScreen.storyboard */ = {isa = PBXFileReference; lastKnownFileType = file.storyboard; path = LaunchScreen.storyboard; sourceTree = "<group>"; };
		8CA9503D4D21CEEFA252EBFD /* AppStateExtensions.swift */ = {isa = PBXFileReference; lastKnownFileType = sourcecode.swift; path = AppStateExtensions.swift; sourceTree = "<group>"; };
		97F5517617EECE37AA28266F /* LaunchScreenView.swift */ = {isa = PBXFileReference; lastKnownFileType = sourcecode.swift; path = LaunchScreenView.swift; sourceTree = "<group>"; };
		A21DC08CD59DB175CDE4830B /* HeaderView.swift */ = {isa = PBXFileReference; lastKnownFileType = sourcecode.swift; path = HeaderView.swift; sourceTree = "<group>"; };
		A389D70B057F69A73DC5F98B /* AIFullChatViewWithCompletion.swift */ = {isa = PBXFileReference; lastKnownFileType = sourcecode.swift; path = AIFullChatViewWithCompletion.swift; sourceTree = "<group>"; };
		B3FD4CE591E6A573E0638AFC /* CompilationVerification.swift */ = {isa = PBXFileReference; lastKnownFileType = sourcecode.swift; path = CompilationVerification.swift; sourceTree = "<group>"; };
		B42A97879620A52348A83377 /* WebSocketService.swift */ = {isa = PBXFileReference; lastKnownFileType = sourcecode.swift; path = WebSocketService.swift; sourceTree = "<group>"; };
		B5369183C37F7098FE23998A /* SettingsView.swift */ = {isa = PBXFileReference; lastKnownFileType = sourcecode.swift; path = SettingsView.swift; sourceTree = "<group>"; };
		B8E4A0FEB92FBCE60BE99B69 /* LessonBlockView.swift */ = {isa = PBXFileReference; lastKnownFileType = sourcecode.swift; path = LessonBlockView.swift; sourceTree = "<group>"; };
		C2D675DCCC577DD7EBFD03F7 /* MessageBubble.swift */ = {isa = PBXFileReference; lastKnownFileType = sourcecode.swift; path = MessageBubble.swift; sourceTree = "<group>"; };
		C75D4CCFD25F740961DE5867 /* Assets.xcassets */ = {isa = PBXFileReference; lastKnownFileType = folder.assetcatalog; path = Assets.xcassets; sourceTree = "<group>"; };
		C9A138D23085B978F95F809C /* AppState.swift */ = {isa = PBXFileReference; lastKnownFileType = sourcecode.swift; path = AppState.swift; sourceTree = "<group>"; };
		CFE089C414C4C2A41AAB8478 /* LearnView.swift */ = {isa = PBXFileReference; lastKnownFileType = sourcecode.swift; path = LearnView.swift; sourceTree = "<group>"; };
		D26EABA49A3E5DEE4211A875 /* Info.plist */ = {isa = PBXFileReference; lastKnownFileType = text.plist; path = Info.plist; sourceTree = "<group>"; };
		D900AEF9F7B22764A996EB02 /* FeedModels.swift */ = {isa = PBXFileReference; lastKnownFileType = sourcecode.swift; path = FeedModels.swift; sourceTree = "<group>"; };
		DB8D7AF97C9B6DE4D909F19B /* CoreServices.swift */ = {isa = PBXFileReference; lastKnownFileType = sourcecode.swift; path = CoreServices.swift; sourceTree = "<group>"; };
		DD5FE3B43216176FA1A5ADE4 /* MainTabView.swift */ = {isa = PBXFileReference; lastKnownFileType = sourcecode.swift; path = MainTabView.swift; sourceTree = "<group>"; };
		E157CAC5E11F9261CC4E4111 /* SpecializedViews.swift */ = {isa = PBXFileReference; lastKnownFileType = sourcecode.swift; path = SpecializedViews.swift; sourceTree = "<group>"; };
		E28717C22D32A623B17D8B6E /* DiscoverView.swift */ = {isa = PBXFileReference; lastKnownFileType = sourcecode.swift; path = DiscoverView.swift; sourceTree = "<group>"; };
		E744088E2146A51E7D5748BC /* DesignSystem.swift */ = {isa = PBXFileReference; lastKnownFileType = sourcecode.swift; path = DesignSystem.swift; sourceTree = "<group>"; };
		EEDB7AFA7B9DFCD4DCCFDE40 /* TypingIndicator.swift */ = {isa = PBXFileReference; lastKnownFileType = sourcecode.swift; path = TypingIndicator.swift; sourceTree = "<group>"; };
		BB222222222222BB222222BB /* AIAvatarView.swift */ = {isa = PBXFileReference; lastKnownFileType = sourcecode.swift; path = AIAvatarView.swift; sourceTree = "<group>"; };
		DD444444444444DD444444DD /* AvatarCompanionCoordinator.swift */ = {isa = PBXFileReference; lastKnownFileType = sourcecode.swift; path = AvatarCompanionCoordinator.swift; sourceTree = "<group>"; };
		FF666666666666FF666666FF /* LearnTabView.swift */ = {isa = PBXFileReference; lastKnownFileType = sourcecode.swift; path = LearnTabView.swift; sourceTree = "<group>"; };
		ABCDEF1234567890ABCDEF12 /* AIAvatarIntegration.swift */ = {isa = PBXFileReference; lastKnownFileType = sourcecode.swift; path = AIAvatarIntegration.swift; sourceTree = "<group>"; };
/* End PBXFileReference section */

/* Begin PBXGroup section */
		0D68D3525DCFD7C6CFBF4908 /* Products */ = {
			isa = PBXGroup;
			children = (
				3E088D802BEFF04AA1872F21 /* LyoApp.app */,
			);
			name = Products;
			sourceTree = "<group>";
		};
		1AFDA1CEB14746F07366A79B = {
			isa = PBXGroup;
			children = (
				8CA8452090AEBF166E954ADC /* LyoApp */,
				0D68D3525DCFD7C6CFBF4908 /* Products */,
			);
			sourceTree = "<group>";
		};
		1CC32D5E572D064B32A0E2A4 /* Preview Content */ = {
			isa = PBXGroup;
			children = (
				3E2B09E30520BC1DF43A1D89 /* Preview Assets.xcassets */,
			);
			path = "Preview Content";
			sourceTree = "<group>";
		};
		8CA8452090AEBF166E954ADC /* LyoApp */ = {
			isa = PBXGroup;
			children = (
				BB222222222222BB222222BB /* AIAvatarView.swift */,
				ABCDEF1234567890ABCDEF12 /* AIAvatarIntegration.swift */,
				A389D70B057F69A73DC5F98B /* AIFullChatViewWithCompletion.swift */,
				389E2A71924339227EC03B80 /* AIModels.swift */,
				1E99689F49663592647047E7 /* AIOnboardingFlowView.swift */,
				023E96DF02E1FCB120142337 /* AISearchView.swift */,
				2A23F4DA2E27F9A50030771A /* HomeFeedView.swift */,
				5FEC208A31B3D16BCB77A11F /* AppIconView.swift */,
				C9A138D23085B978F95F809C /* AppState.swift */,
				8CA9503D4D21CEEFA252EBFD /* AppStateExtensions.swift */,
				C75D4CCFD25F740961DE5867 /* Assets.xcassets */,
				7D915DBF4841F30DE7719A6C /* AuthenticationView.swift */,
				DD444444444444DD444444DD /* AvatarCompanionCoordinator.swift */,
				68C13AAEC36CFCC2A7BE005B /* CommunityView_new.swift */,
				B3FD4CE591E6A573E0638AFC /* CompilationVerification.swift */,
				5B819F9A8F025AFC323FBE04 /* ContentView.swift */,
				DB8D7AF97C9B6DE4D909F19B /* CoreServices.swift */,
				E744088E2146A51E7D5748BC /* DesignSystem.swift */,
				18805D843D24D162131534E2 /* DesignTokens.swift */,
				E28717C22D32A623B17D8B6E /* DiscoverView.swift */,
				42460C5E3F123FF1666FC0CD /* ErrorHandlingService.swift */,
				D900AEF9F7B22764A996EB02 /* FeedModels.swift */,
				3D65AC11E38B5496176571DC /* FinalTest.swift */,
				18BF9308EBEE0755ADFC9ABB /* FloatingActionButton.swift */,
				769E7DC97B1B53920079E269 /* GamificationOverlay.swift */,
				A21DC08CD59DB175CDE4830B /* HeaderView.swift */,
				D26EABA49A3E5DEE4211A875 /* Info.plist */,
				80A77A71B17C98E0239167EC /* LaunchScreen.storyboard */,
				97F5517617EECE37AA28266F /* LaunchScreenView.swift */,
				FF666666666666FF666666FF /* LearnTabView.swift */,
				CFE089C414C4C2A41AAB8478 /* LearnView.swift */,
				B8E4A0FEB92FBCE60BE99B69 /* LessonBlockView.swift */,
				35FE04CA56FAA9228F3A5F02 /* LessonModels.swift */,
				221B8D3E4BFD0AD74F80D5D1 /* LibraryView.swift */,
				0E6BB571E49D2867BCADD242 /* LyoAPIService.swift */,
				600A9F3980D1840C043D0A19 /* LyoApp.swift */,
				4791D476B0F27752BD31CC08 /* LyoConfiguration.swift */,
				4283BFD1E83F1E03B0A7FEEE /* LyoWebSocketService.swift */,
				DD5FE3B43216176FA1A5ADE4 /* MainTabView.swift */,
				C2D675DCCC577DD7EBFD03F7 /* MessageBubble.swift */,
				15EBF3D1C833E01E685B74D2 /* MessengerView.swift */,
				4DC35EC4BB06919945358855 /* Models.swift */,
				16B4DB8C2C525CD622E49736 /* MoreTabView.swift */,
				26FAE8093E310259E465B847 /* NetworkLayer.swift */,
				4A41999992A8904A5050C5A0 /* PerformanceOptimization.swift.disabled */,
				0B79DC809F7BC3657C6FB949 /* PostView.swift */,
				B5369183C37F7098FE23998A /* SettingsView.swift */,
				41CE2AF2F3879F3F9EE20860 /* SimpleChatView.swift */,
				E157CAC5E11F9261CC4E4111 /* SpecializedViews.swift */,
				EEDB7AFA7B9DFCD4DCCFDE40 /* TypingIndicator.swift */,
				2FC9CC5B0DC599C7320042B5 /* VoiceActivationService.swift */,
				497A52CB663A204A6D353292 /* VoiceRecognizer.swift */,
				B42A97879620A52348A83377 /* WebSocketService.swift */,
				1CC32D5E572D064B32A0E2A4 /* Preview Content */,
			);
			path = LyoApp;
			sourceTree = "<group>";
		};
/* End PBXGroup section */

/* Begin PBXNativeTarget section */
		A28B2F6A2841D05C94353B17 /* LyoApp */ = {
			isa = PBXNativeTarget;
			buildConfigurationList = BD79114C974635CF02C2B9AE /* Build configuration list for PBXNativeTarget "LyoApp" */;
			buildPhases = (
				7EAFD8174816D51F38B06C1D /* Resources */,
				92A5145C75D5A57ABAFEE26F /* Sources */,
			);
			buildRules = (
			);
			dependencies = (
			);
			name = LyoApp;
			packageProductDependencies = (
			);
			productName = LyoApp;
			productReference = 3E088D802BEFF04AA1872F21 /* LyoApp.app */;
			productType = "com.apple.product-type.application";
		};
/* End PBXNativeTarget section */

/* Begin PBXProject section */
		2D2171893EB55A81FA2429BA /* Project object */ = {
			isa = PBXProject;
			attributes = {
				BuildIndependentTargetsInParallel = YES;
				LastUpgradeCheck = 1500;
				TargetAttributes = {
					A28B2F6A2841D05C94353B17 = {
						ProvisioningStyle = Automatic;
					};
				};
			};
			buildConfigurationList = 9E9F3B2E433D8F361858F496 /* Build configuration list for PBXProject "LyoApp" */;
			compatibilityVersion = "Xcode 14.0";
			developmentRegion = en;
			hasScannedForEncodings = 0;
			knownRegions = (
				Base,
				en,
			);
			mainGroup = 1AFDA1CEB14746F07366A79B;
			minimizedProjectReferenceProxies = 1;
			projectDirPath = "";
			projectRoot = "";
			targets = (
				A28B2F6A2841D05C94353B17 /* LyoApp */,
			);
		};
/* End PBXProject section */

/* Begin PBXResourcesBuildPhase section */
		7EAFD8174816D51F38B06C1D /* Resources */ = {
			isa = PBXResourcesBuildPhase;
			buildActionMask = 2147483647;
			files = (
				43F233702523B94C0E53879C /* Assets.xcassets in Resources */,
				6E9F71C95F388616DA343066 /* LaunchScreen.storyboard in Resources */,
				4C04437288B072F3D41BE3B5 /* PerformanceOptimization.swift.disabled in Resources */,
				7664EDC53BD6CCCB8EC4DFF6 /* Preview Assets.xcassets in Resources */,
			);
			runOnlyForDeploymentPostprocessing = 0;
		};
/* End PBXResourcesBuildPhase section */

/* Begin PBXSourcesBuildPhase section */
		92A5145C75D5A57ABAFEE26F /* Sources */ = {
			isa = PBXSourcesBuildPhase;
			buildActionMask = 2147483647;
			files = (
				2A23F4DE2E2800770030771A /* LessonBlockView.swift in Sources */,
				AA111111111111AA111111AA /* AIAvatarView.swift in Sources */,
				1234567890ABCDEF12345678 /* AIAvatarIntegration.swift in Sources */,
				54D0CC3AAF0295567DAEE24E /* AIFullChatViewWithCompletion.swift in Sources */,
				D0BE8B92110A4BCFCCD3C326 /* AIModels.swift in Sources */,
				E4D08D50FAA8CE517AEF25F1 /* AIOnboardingFlowView.swift in Sources */,
				7C9D38887C8E423A0681521A /* AISearchView.swift in Sources */,
				93ED23F4B0D586D83DC92BFB /* AppIconView.swift in Sources */,
				1F5F0E88B55EE164A9AB7BBC /* AppState.swift in Sources */,
				6B907BB366019851AF38DE1A /* AppStateExtensions.swift in Sources */,
				5D1A0B87C352582DA07246E1 /* AuthenticationView.swift in Sources */,
				CC333333333333CC333333CC /* AvatarCompanionCoordinator.swift in Sources */,
				1DA8CB7E4B8737189BD38A40 /* CommunityView_new.swift in Sources */,
				1B4C1C4BA36CF163AE3A76DB /* CompilationVerification.swift in Sources */,
				54C3B0EAD3C1FC124C4FC347 /* ContentView.swift in Sources */,
				D43FDCAA78B95B3C9C452D8B /* CoreServices.swift in Sources */,
				FF27B03C011A2898BC0A0EE2 /* DesignSystem.swift in Sources */,
				6F0804EBEB2903CE323D97C4 /* DesignTokens.swift in Sources */,
				CDBB716B81284B7A2CA26885 /* DiscoverView.swift in Sources */,
				8D252335B004F3CCA44E839B /* ErrorHandlingService.swift in Sources */,
				87C293755A6BE9124F958F00 /* FeedModels.swift in Sources */,
				96C2A50FB352124F11B7A6B5 /* FinalTest.swift in Sources */,
				16D6E860CE43BE681236F2D3 /* FloatingActionButton.swift in Sources */,
				99D342B7B9DF021FEE987919 /* GamificationOverlay.swift in Sources */,
				35A5A1A3973BED1B6140FAFE /* HeaderView.swift in Sources */,
				EE555555555555EE555555EE /* LearnTabView.swift in Sources */,
				330A34CC004130053120612C /* LessonModels.swift in Sources */,
				1DC8DD6F937037BE336359F9 /* LibraryView.swift in Sources */,
				2A23F4DB2E27F9A50030771A /* HomeFeedView.swift in Sources */,
				509ED01AF6E924B6465399EA /* LyoAPIService.swift in Sources */,
				862EF79A0E315C4180D6959E /* LyoApp.swift in Sources */,
				26567E7D2B5DC1D456DE0516 /* LyoConfiguration.swift in Sources */,
				4A6176BBA954BE126266D1F7 /* LyoWebSocketService.swift in Sources */,
				492B88A502DEFFD7AC639AF2 /* MainTabView.swift in Sources */,
				565005CC3F8A28D90A4B891B /* MessageBubble.swift in Sources */,
				4F1479D8621E75594C73A14B /* MessengerView.swift in Sources */,
				7B32ED2B358C7748F457F4C8 /* Models.swift in Sources */,
				F4DF5A4B1E87EFDEF5B01D16 /* MoreTabView.swift in Sources */,
				8389DE86AF88B619A4CFD776 /* NetworkLayer.swift in Sources */,
				0592652EEB17E93E6F54AC8C /* PostView.swift in Sources */,
				981BD86E20950D88313A6737 /* SettingsView.swift in Sources */,
				6F73E432EF53DAE560E50316 /* SimpleChatView.swift in Sources */,
				BA09602939B18786AEF207B7 /* SpecializedViews.swift in Sources */,
				EA0783E720CFD83A463191C0 /* TypingIndicator.swift in Sources */,
				CA7682C244FCD0990CFDEB3F /* VoiceActivationService.swift in Sources */,
				330ED1DD7740AE4E9BA87D40 /* VoiceRecognizer.swift in Sources */,
				CE07144D6D83B4B6434753EE /* WebSocketService.swift in Sources */,
			);
			runOnlyForDeploymentPostprocessing = 0;
		};
/* End PBXSourcesBuildPhase section */

/* Begin XCBuildConfiguration section */
		7BF2DD8FAF25A84DB26DAF96 /* Release */ = {
			isa = XCBuildConfiguration;
			buildSettings = {
				ASSETCATALOG_COMPILER_APPICON_NAME = AppIcon;
				ASSETCATALOG_COMPILER_GLOBAL_ACCENT_COLOR_NAME = AccentColor;
				CODE_SIGN_IDENTITY = "iPhone Developer";
				CODE_SIGN_STYLE = Automatic;
				DEVELOPMENT_TEAM = 5QZDMJGN7B;
				ENABLE_PREVIEWS = YES;
				INFOPLIST_FILE = LyoApp/Info.plist;
				IPHONEOS_DEPLOYMENT_TARGET = 17.0;
				LD_RUNPATH_SEARCH_PATHS = (
					"$(inherited)",
					"@executable_path/Frameworks",
				);
				PRODUCT_BUNDLE_IDENTIFIER = com.lyo.app;
				SDKROOT = iphoneos;
				SUPPORTS_MACCATALYST = NO;
				SWIFT_VERSION = 5.0;
				TARGETED_DEVICE_FAMILY = "1,2";
			};
			name = Release;
		};
		7E7DA06F17043A96DAB2FFA1 /* Debug */ = {
			isa = XCBuildConfiguration;
			buildSettings = {
				ALWAYS_SEARCH_USER_PATHS = NO;
				CLANG_ANALYZER_NONNULL = YES;
				CLANG_ANALYZER_NUMBER_OBJECT_CONVERSION = YES_AGGRESSIVE;
				CLANG_CXX_LANGUAGE_STANDARD = "gnu++14";
				CLANG_CXX_LIBRARY = "libc++";
				CLANG_ENABLE_MODULES = YES;
				CLANG_ENABLE_OBJC_ARC = YES;
				CLANG_ENABLE_OBJC_WEAK = YES;
				CLANG_WARN_BLOCK_CAPTURE_AUTORELEASING = YES;
				CLANG_WARN_BOOL_CONVERSION = YES;
				CLANG_WARN_COMMA = YES;
				CLANG_WARN_CONSTANT_CONVERSION = YES;
				CLANG_WARN_DEPRECATED_OBJC_IMPLEMENTATIONS = YES;
				CLANG_WARN_DIRECT_OBJC_ISA_USAGE = YES_ERROR;
				CLANG_WARN_DOCUMENTATION_COMMENTS = YES;
				CLANG_WARN_EMPTY_BODY = YES;
				CLANG_WARN_ENUM_CONVERSION = YES;
				CLANG_WARN_INFINITE_RECURSION = YES;
				CLANG_WARN_INT_CONVERSION = YES;
				CLANG_WARN_NON_LITERAL_NULL_CONVERSION = YES;
				CLANG_WARN_OBJC_IMPLICIT_RETAIN_SELF = YES;
				CLANG_WARN_OBJC_LITERAL_CONVERSION = YES;
				CLANG_WARN_OBJC_ROOT_CLASS = YES_ERROR;
				CLANG_WARN_QUOTED_INCLUDE_IN_FRAMEWORK_HEADER = YES;
				CLANG_WARN_RANGE_LOOP_ANALYSIS = YES;
				CLANG_WARN_STRICT_PROTOTYPES = YES;
				CLANG_WARN_SUSPICIOUS_MOVE = YES;
				CLANG_WARN_UNGUARDED_AVAILABILITY = YES_AGGRESSIVE;
				CLANG_WARN_UNREACHABLE_CODE = YES;
				CLANG_WARN__DUPLICATE_METHOD_MATCH = YES;
				COPY_PHASE_STRIP = NO;
				DEBUG_INFORMATION_FORMAT = dwarf;
				ENABLE_STRICT_OBJC_MSGSEND = YES;
				ENABLE_TESTABILITY = YES;
				GCC_C_LANGUAGE_STANDARD = gnu11;
				GCC_DYNAMIC_NO_PIC = NO;
				GCC_NO_COMMON_BLOCKS = YES;
				GCC_OPTIMIZATION_LEVEL = 0;
				GCC_PREPROCESSOR_DEFINITIONS = (
					"$(inherited)",
					"DEBUG=1",
				);
				GCC_WARN_64_TO_32_BIT_CONVERSION = YES;
				GCC_WARN_ABOUT_RETURN_TYPE = YES_ERROR;
				GCC_WARN_UNDECLARED_SELECTOR = YES;
				GCC_WARN_UNINITIALIZED_AUTOS = YES_AGGRESSIVE;
				GCC_WARN_UNUSED_FUNCTION = YES;
				GCC_WARN_UNUSED_VARIABLE = YES;
				IPHONEOS_DEPLOYMENT_TARGET = 17.0;
				MTL_ENABLE_DEBUG_INFO = INCLUDE_SOURCE;
				MTL_FAST_MATH = YES;
				ONLY_ACTIVE_ARCH = YES;
				PRODUCT_NAME = "$(TARGET_NAME)";
				SDKROOT = iphoneos;
				SWIFT_ACTIVE_COMPILATION_CONDITIONS = DEBUG;
				SWIFT_OPTIMIZATION_LEVEL = "-Onone";
				SWIFT_VERSION = 5.0;
			};
			name = Debug;
		};
		8646731D59B1D087721101D5 /* Debug */ = {
			isa = XCBuildConfiguration;
			buildSettings = {
				ASSETCATALOG_COMPILER_APPICON_NAME = AppIcon;
				ASSETCATALOG_COMPILER_GLOBAL_ACCENT_COLOR_NAME = AccentColor;
				CODE_SIGN_IDENTITY = "iPhone Developer";
				CODE_SIGN_STYLE = Automatic;
				DEVELOPMENT_TEAM = 5QZDMJGN7B;
				ENABLE_PREVIEWS = YES;
				INFOPLIST_FILE = LyoApp/Info.plist;
				IPHONEOS_DEPLOYMENT_TARGET = 17.0;
				LD_RUNPATH_SEARCH_PATHS = (
					"$(inherited)",
					"@executable_path/Frameworks",
				);
				PRODUCT_BUNDLE_IDENTIFIER = com.lyo.app;
				SDKROOT = iphoneos;
				SUPPORTS_MACCATALYST = NO;
				SWIFT_VERSION = 5.0;
				TARGETED_DEVICE_FAMILY = "1,2";
			};
			name = Debug;
		};
		B08D0156F7FF13CF61F646E9 /* Release */ = {
			isa = XCBuildConfiguration;
			buildSettings = {
				ALWAYS_SEARCH_USER_PATHS = NO;
				CLANG_ANALYZER_NONNULL = YES;
				CLANG_ANALYZER_NUMBER_OBJECT_CONVERSION = YES_AGGRESSIVE;
				CLANG_CXX_LANGUAGE_STANDARD = "gnu++14";
				CLANG_CXX_LIBRARY = "libc++";
				CLANG_ENABLE_MODULES = YES;
				CLANG_ENABLE_OBJC_ARC = YES;
				CLANG_ENABLE_OBJC_WEAK = YES;
				CLANG_WARN_BLOCK_CAPTURE_AUTORELEASING = YES;
				CLANG_WARN_BOOL_CONVERSION = YES;
				CLANG_WARN_COMMA = YES;
				CLANG_WARN_CONSTANT_CONVERSION = YES;
				CLANG_WARN_DEPRECATED_OBJC_IMPLEMENTATIONS = YES;
				CLANG_WARN_DIRECT_OBJC_ISA_USAGE = YES_ERROR;
				CLANG_WARN_DOCUMENTATION_COMMENTS = YES;
				CLANG_WARN_EMPTY_BODY = YES;
				CLANG_WARN_ENUM_CONVERSION = YES;
				CLANG_WARN_INFINITE_RECURSION = YES;
				CLANG_WARN_INT_CONVERSION = YES;
				CLANG_WARN_NON_LITERAL_NULL_CONVERSION = YES;
				CLANG_WARN_OBJC_IMPLICIT_RETAIN_SELF = YES;
				CLANG_WARN_OBJC_LITERAL_CONVERSION = YES;
				CLANG_WARN_OBJC_ROOT_CLASS = YES_ERROR;
				CLANG_WARN_QUOTED_INCLUDE_IN_FRAMEWORK_HEADER = YES;
				CLANG_WARN_RANGE_LOOP_ANALYSIS = YES;
				CLANG_WARN_STRICT_PROTOTYPES = YES;
				CLANG_WARN_SUSPICIOUS_MOVE = YES;
				CLANG_WARN_UNGUARDED_AVAILABILITY = YES_AGGRESSIVE;
				CLANG_WARN_UNREACHABLE_CODE = YES;
				CLANG_WARN__DUPLICATE_METHOD_MATCH = YES;
				COPY_PHASE_STRIP = NO;
				DEBUG_INFORMATION_FORMAT = "dwarf-with-dsym";
				ENABLE_NS_ASSERTIONS = NO;
				ENABLE_STRICT_OBJC_MSGSEND = YES;
				GCC_C_LANGUAGE_STANDARD = gnu11;
				GCC_NO_COMMON_BLOCKS = YES;
				GCC_WARN_64_TO_32_BIT_CONVERSION = YES;
				GCC_WARN_ABOUT_RETURN_TYPE = YES_ERROR;
				GCC_WARN_UNDECLARED_SELECTOR = YES;
				GCC_WARN_UNINITIALIZED_AUTOS = YES_AGGRESSIVE;
				GCC_WARN_UNUSED_FUNCTION = YES;
				GCC_WARN_UNUSED_VARIABLE = YES;
				IPHONEOS_DEPLOYMENT_TARGET = 17.0;
				MTL_ENABLE_DEBUG_INFO = NO;
				MTL_FAST_MATH = YES;
				PRODUCT_NAME = "$(TARGET_NAME)";
				SDKROOT = iphoneos;
				SWIFT_COMPILATION_MODE = wholemodule;
				SWIFT_OPTIMIZATION_LEVEL = "-O";
				SWIFT_VERSION = 5.0;
			};
			name = Release;
		};
/* End XCBuildConfiguration section */

/* Begin XCConfigurationList section */
		9E9F3B2E433D8F361858F496 /* Build configuration list for PBXProject "LyoApp" */ = {
			isa = XCConfigurationList;
			buildConfigurations = (
				7E7DA06F17043A96DAB2FFA1 /* Debug */,
				B08D0156F7FF13CF61F646E9 /* Release */,
			);
			defaultConfigurationIsVisible = 0;
			defaultConfigurationName = Debug;
		};
		BD79114C974635CF02C2B9AE /* Build configuration list for PBXNativeTarget "LyoApp" */ = {
			isa = XCConfigurationList;
			buildConfigurations = (
				8646731D59B1D087721101D5 /* Debug */,
				7BF2DD8FAF25A84DB26DAF96 /* Release */,
			);
			defaultConfigurationIsVisible = 0;
			defaultConfigurationName = Debug;
		};
/* End XCConfigurationList section */
	};
	rootObject = 2D2171893EB55A81FA2429BA /* Project object */;
}
