// !$*UTF8*$!
{
	archiveVersion = 1;
	classes = {
	};
	objectVersion = 54;
	objects = {

/* Begin PBXBuildFile section */
		1C8F114D0DC744772E5863A1 /* NetworkManager.swift in Sources */ = {isa = PBXBuildFile; fileRef = 076AB3FA35C1D863F9D80C7F /* NetworkManager.swift */; };
		3D85922D7A79B9449A560947 /* Models.swift in Sources */ = {isa = PBXBuildFile; fileRef = 6EB4E84A5BDA474A62A45FA9 /* Models.swift */; };
		4F74B09AE12ADEF2DCD12334 /* ContentView.swift in Sources */ = {isa = PBXBuildFile; fileRef = F3F3381293896AFD20B82262 /* ContentView.swift */; };
		557581787A723DC405210C46 /* DebugAuthenticationView.swift in Sources */ = {isa = PBXBuildFile; fileRef = 74476400BB56F6F14ABFFB7C /* DebugAuthenticationView.swift */; };
		5F899E3EA91AEBA57CBF3E7B /* KeychainManager.swift in Sources */ = {isa = PBXBuildFile; fileRef = 2422F0939D35A202875320CF /* KeychainManager.swift */; };
		6F2A2CE0EC48A865615E48CF /* LearningView.swift in Sources */ = {isa = PBXBuildFile; fileRef = CF19150BCED19F657B107B98 /* LearningView.swift */; };
		86647AA49483F8E6E257FEAD /* LyoApp.swift in Sources */ = {isa = PBXBuildFile; fileRef = 68A5ACE38567920E6663EBE5 /* LyoApp.swift */; };
		A8EA2D8D1CDF9B64FE47ACF0 /* CommunityView.swift in Sources */ = {isa = PBXBuildFile; fileRef = B4650CA1A885586DFBE8BCBD /* CommunityView.swift */; };
		AD8E54D6ED554C9C77A9E2BB /* AuthenticationManager.swift in Sources */ = {isa = PBXBuildFile; fileRef = DF6691205344D81E71E38429 /* AuthenticationManager.swift */; };
		B2FC0A346CC5531981D62D81 /* FeedView.swift in Sources */ = {isa = PBXBuildFile; fileRef = 92D8455F6EEABBF90D9C3F7B /* FeedView.swift */; };
		CDE07EE0F69469E1D9379C99 /* BackendConfig.swift in Sources */ = {isa = PBXBuildFile; fileRef = 9AD995B20062E2D8FEF9B7F8 /* BackendConfig.swift */; };
		E2EC6E7D8B3C88DDED22D71F /* ProfileView.swift in Sources */ = {isa = PBXBuildFile; fileRef = 6F584062C239917389A410E5 /* ProfileView.swift */; };
		F57A59CB20B76B6157700139 /* AuthenticationView.swift in Sources */ = {isa = PBXBuildFile; fileRef = 889949C7905C52EB2EB26878 /* AuthenticationView.swift */; };
/* End PBXBuildFile section */

/* Begin PBXFileReference section */
		076AB3FA35C1D863F9D80C7F /* NetworkManager.swift */ = {isa = PBXFileReference; lastKnownFileType = sourcecode.swift; path = NetworkManager.swift; sourceTree = "<group>"; };
		2422F0939D35A202875320CF /* KeychainManager.swift */ = {isa = PBXFileReference; lastKnownFileType = sourcecode.swift; path = KeychainManager.swift; sourceTree = "<group>"; };
		3E088D802BEFF04AA1872F21 /* LyoApp.app */ = {isa = PBXFileReference; includeInIndex = 0; lastKnownFileType = wrapper.application; path = LyoApp.app; sourceTree = BUILT_PRODUCTS_DIR; };
		68A5ACE38567920E6663EBE5 /* LyoApp.swift */ = {isa = PBXFileReference; lastKnownFileType = sourcecode.swift; path = LyoApp.swift; sourceTree = "<group>"; };
		6EB4E84A5BDA474A62A45FA9 /* Models.swift */ = {isa = PBXFileReference; lastKnownFileType = sourcecode.swift; path = Models.swift; sourceTree = "<group>"; };
		6F584062C239917389A410E5 /* ProfileView.swift */ = {isa = PBXFileReference; lastKnownFileType = sourcecode.swift; path = ProfileView.swift; sourceTree = "<group>"; };
		74476400BB56F6F14ABFFB7C /* DebugAuthenticationView.swift */ = {isa = PBXFileReference; lastKnownFileType = sourcecode.swift; path = DebugAuthenticationView.swift; sourceTree = "<group>"; };
		889949C7905C52EB2EB26878 /* AuthenticationView.swift */ = {isa = PBXFileReference; lastKnownFileType = sourcecode.swift; path = AuthenticationView.swift; sourceTree = "<group>"; };
		92D8455F6EEABBF90D9C3F7B /* FeedView.swift */ = {isa = PBXFileReference; lastKnownFileType = sourcecode.swift; path = FeedView.swift; sourceTree = "<group>"; };
		9AD995B20062E2D8FEF9B7F8 /* BackendConfig.swift */ = {isa = PBXFileReference; lastKnownFileType = sourcecode.swift; path = BackendConfig.swift; sourceTree = "<group>"; };
		B4650CA1A885586DFBE8BCBD /* CommunityView.swift */ = {isa = PBXFileReference; lastKnownFileType = sourcecode.swift; path = CommunityView.swift; sourceTree = "<group>"; };
		CF19150BCED19F657B107B98 /* LearningView.swift */ = {isa = PBXFileReference; lastKnownFileType = sourcecode.swift; path = LearningView.swift; sourceTree = "<group>"; };
		D26EABA49A3E5DEE4211A875 /* Info.plist */ = {isa = PBXFileReference; lastKnownFileType = text.plist; path = Info.plist; sourceTree = "<group>"; };
		DF6691205344D81E71E38429 /* AuthenticationManager.swift */ = {isa = PBXFileReference; lastKnownFileType = sourcecode.swift; path = AuthenticationManager.swift; sourceTree = "<group>"; };
		F3F3381293896AFD20B82262 /* ContentView.swift */ = {isa = PBXFileReference; lastKnownFileType = sourcecode.swift; path = ContentView.swift; sourceTree = "<group>"; };
/* End PBXFileReference section */

/* Begin PBXGroup section */
		001E512FAECA36F11DF57C0A /* Learning */ = {
			isa = PBXGroup;
			children = (
				0807BB28E249D30E493129C5 /* Views */,
			);
			path = Learning;
			sourceTree = "<group>";
		};
		07F54B2205994D190D107114 /* Feed */ = {
			isa = PBXGroup;
			children = (
				983F29ADCCC4BD95B2A2AA7C /* Views */,
			);
			path = Feed;
			sourceTree = "<group>";
		};
		0807BB28E249D30E493129C5 /* Views */ = {
			isa = PBXGroup;
			children = (
				CF19150BCED19F657B107B98 /* LearningView.swift */,
			);
			path = Views;
			sourceTree = "<group>";
		};
		09DFA6AC461E31A67865B91C /* Models */ = {
			isa = PBXGroup;
			children = (
				6EB4E84A5BDA474A62A45FA9 /* Models.swift */,
			);
			path = Models;
			sourceTree = "<group>";
		};
		0BBFB70EAFDACA8867714364 /* Community */ = {
			isa = PBXGroup;
			children = (
				7D3C7044DEB02280FECB126F /* Views */,
			);
			path = Community;
			sourceTree = "<group>";
		};
		0D68D3525DCFD7C6CFBF4908 /* Products */ = {
			isa = PBXGroup;
			children = (
				3E088D802BEFF04AA1872F21 /* LyoApp.app */,
			);
			name = Products;
			sourceTree = "<group>";
		};
		1AFDA1CEB14746F07366A79B = {
			isa = PBXGroup;
			children = (
				8CA8452090AEBF166E954ADC /* LyoApp */,
				0D68D3525DCFD7C6CFBF4908 /* Products */,
			);
			sourceTree = "<group>";
		};
		1B55FE56ECCAF01452D4524F /* Views */ = {
			isa = PBXGroup;
			children = (
				6F584062C239917389A410E5 /* ProfileView.swift */,
			);
			path = Views;
			sourceTree = "<group>";
		};
		41AA9931F885F2E09FE16D66 /* Managers */ = {
			isa = PBXGroup;
			children = (
				076AB3FA35C1D863F9D80C7F /* NetworkManager.swift */,
			);
			path = Managers;
			sourceTree = "<group>";
		};
		49A7E77EA5B345E8B3FDB84E /* Core */ = {
			isa = PBXGroup;
			children = (
				9047442CFA5CBBAC4C612150 /* Configuration */,
				C2B8EF18BB272F9116CF8CCD /* Utilities */,
			);
			path = Core;
			sourceTree = "<group>";
		};
		57CBB9BE3B216F57023F3305 /* Data */ = {
			isa = PBXGroup;
			children = (
				09DFA6AC461E31A67865B91C /* Models */,
			);
			path = Data;
			sourceTree = "<group>";
		};
		59EFA7C7DF54FCA20A209C89 /* Authentication */ = {
			isa = PBXGroup;
			children = (
				D2AF584AAB726EA313C0D14B /* Services */,
				C6A9E9D59D9D9A3075DA584A /* Views */,
			);
			path = Authentication;
			sourceTree = "<group>";
		};
		5DA6CCF98EA26A92E2F5A60B /* Features */ = {
			isa = PBXGroup;
			children = (
				ACACE97407AD307705A8F49E /* AI */,
				59EFA7C7DF54FCA20A209C89 /* Authentication */,
				0BBFB70EAFDACA8867714364 /* Community */,
				07F54B2205994D190D107114 /* Feed */,
				D8362B889ACCFBBE8873459D /* Gamification */,
				001E512FAECA36F11DF57C0A /* Learning */,
				C24592390E3AF6D38D63B732 /* Profile */,
			);
			path = Features;
			sourceTree = "<group>";
		};
		7D3C7044DEB02280FECB126F /* Views */ = {
			isa = PBXGroup;
			children = (
				B4650CA1A885586DFBE8BCBD /* CommunityView.swift */,
			);
			path = Views;
			sourceTree = "<group>";
		};
		89E72D208F449FD509DE8049 /* App */ = {
			isa = PBXGroup;
			children = (
				F3F3381293896AFD20B82262 /* ContentView.swift */,
				68A5ACE38567920E6663EBE5 /* LyoApp.swift */,
			);
			path = App;
			sourceTree = "<group>";
		};
		8CA8452090AEBF166E954ADC /* LyoApp */ = {
			isa = PBXGroup;
			children = (
				D26EABA49A3E5DEE4211A875 /* Info.plist */,
				89E72D208F449FD509DE8049 /* App */,
				49A7E77EA5B345E8B3FDB84E /* Core */,
				57CBB9BE3B216F57023F3305 /* Data */,
				5DA6CCF98EA26A92E2F5A60B /* Features */,
				FB285B926FCC27C55E4ADCE1 /* Network */,
				8EF185A94CC7E6F5F11C60AC /* Resources */,
			);
			path = LyoApp;
			sourceTree = "<group>";
		};
		8EF185A94CC7E6F5F11C60AC /* Resources */ = {
			isa = PBXGroup;
			children = (
			);
			path = Resources;
			sourceTree = "<group>";
		};
		9047442CFA5CBBAC4C612150 /* Configuration */ = {
			isa = PBXGroup;
			children = (
				9AD995B20062E2D8FEF9B7F8 /* BackendConfig.swift */,
			);
			path = Configuration;
			sourceTree = "<group>";
		};
		983F29ADCCC4BD95B2A2AA7C /* Views */ = {
			isa = PBXGroup;
			children = (
				92D8455F6EEABBF90D9C3F7B /* FeedView.swift */,
			);
			path = Views;
			sourceTree = "<group>";
		};
		ACACE97407AD307705A8F49E /* AI */ = {
			isa = PBXGroup;
			children = (
			);
			path = AI;
			sourceTree = "<group>";
		};
		C24592390E3AF6D38D63B732 /* Profile */ = {
			isa = PBXGroup;
			children = (
				1B55FE56ECCAF01452D4524F /* Views */,
			);
			path = Profile;
			sourceTree = "<group>";
		};
		C2B8EF18BB272F9116CF8CCD /* Utilities */ = {
			isa = PBXGroup;
			children = (
				2422F0939D35A202875320CF /* KeychainManager.swift */,
			);
			path = Utilities;
			sourceTree = "<group>";
		};
		C6A9E9D59D9D9A3075DA584A /* Views */ = {
			isa = PBXGroup;
			children = (
				889949C7905C52EB2EB26878 /* AuthenticationView.swift */,
				74476400BB56F6F14ABFFB7C /* DebugAuthenticationView.swift */,
			);
			path = Views;
			sourceTree = "<group>";
		};
		D2AF584AAB726EA313C0D14B /* Services */ = {
			isa = PBXGroup;
			children = (
				DF6691205344D81E71E38429 /* AuthenticationManager.swift */,
			);
			path = Services;
			sourceTree = "<group>";
		};
		D8362B889ACCFBBE8873459D /* Gamification */ = {
			isa = PBXGroup;
			children = (
			);
			path = Gamification;
			sourceTree = "<group>";
		};
		FB285B926FCC27C55E4ADCE1 /* Network */ = {
			isa = PBXGroup;
			children = (
				41AA9931F885F2E09FE16D66 /* Managers */,
			);
			path = Network;
			sourceTree = "<group>";
		};
/* End PBXGroup section */

/* Begin PBXNativeTarget section */
		A28B2F6A2841D05C94353B17 /* LyoApp */ = {
			isa = PBXNativeTarget;
			buildConfigurationList = BD79114C974635CF02C2B9AE /* Build configuration list for PBXNativeTarget "LyoApp" */;
			buildPhases = (
				92A5145C75D5A57ABAFEE26F /* Sources */,
			);
			buildRules = (
			);
			dependencies = (
			);
			name = LyoApp;
			packageProductDependencies = (
			);
			productName = LyoApp;
			productReference = 3E088D802BEFF04AA1872F21 /* LyoApp.app */;
			productType = "com.apple.product-type.application";
		};
/* End PBXNativeTarget section */

/* Begin PBXProject section */
		2D2171893EB55A81FA2429BA /* Project object */ = {
			isa = PBXProject;
			attributes = {
				BuildIndependentTargetsInParallel = YES;
				LastUpgradeCheck = 1500;
				TargetAttributes = {
					A28B2F6A2841D05C94353B17 = {
						DevelopmentTeam = "";
						ProvisioningStyle = Automatic;
					};
				};
			};
			buildConfigurationList = 9E9F3B2E433D8F361858F496 /* Build configuration list for PBXProject "LyoApp" */;
			compatibilityVersion = "Xcode 14.0";
			developmentRegion = en;
			hasScannedForEncodings = 0;
			knownRegions = (
				Base,
				en,
			);
			mainGroup = 1AFDA1CEB14746F07366A79B;
			minimizedProjectReferenceProxies = 1;
			preferredProjectObjectVersion = 54;
			projectDirPath = "";
			projectRoot = "";
			targets = (
				A28B2F6A2841D05C94353B17 /* LyoApp */,
			);
		};
/* End PBXProject section */

/* Begin PBXSourcesBuildPhase section */
		92A5145C75D5A57ABAFEE26F /* Sources */ = {
			isa = PBXSourcesBuildPhase;
			buildActionMask = 2147483647;
			files = (
				AD8E54D6ED554C9C77A9E2BB /* AuthenticationManager.swift in Sources */,
				F57A59CB20B76B6157700139 /* AuthenticationView.swift in Sources */,
				CDE07EE0F69469E1D9379C99 /* BackendConfig.swift in Sources */,
				A8EA2D8D1CDF9B64FE47ACF0 /* CommunityView.swift in Sources */,
				4F74B09AE12ADEF2DCD12334 /* ContentView.swift in Sources */,
				557581787A723DC405210C46 /* DebugAuthenticationView.swift in Sources */,
				B2FC0A346CC5531981D62D81 /* FeedView.swift in Sources */,
				5F899E3EA91AEBA57CBF3E7B /* KeychainManager.swift in Sources */,
				6F2A2CE0EC48A865615E48CF /* LearningView.swift in Sources */,
				86647AA49483F8E6E257FEAD /* LyoApp.swift in Sources */,
				3D85922D7A79B9449A560947 /* Models.swift in Sources */,
				1C8F114D0DC744772E5863A1 /* NetworkManager.swift in Sources */,
				E2EC6E7D8B3C88DDED22D71F /* ProfileView.swift in Sources */,
			);
			runOnlyForDeploymentPostprocessing = 0;
		};
/* End PBXSourcesBuildPhase section */

/* Begin XCBuildConfiguration section */
		7BF2DD8FAF25A84DB26DAF96 /* Release */ = {
			isa = XCBuildConfiguration;
			buildSettings = {
				ASSETCATALOG_COMPILER_APPICON_NAME = AppIcon;
				ASSETCATALOG_COMPILER_GLOBAL_ACCENT_COLOR_NAME = AccentColor;
				CODE_SIGNING_REQUIRED = NO;
				CODE_SIGN_IDENTITY = "";
				CODE_SIGN_STYLE = Automatic;
				DEVELOPMENT_TEAM = "";
				ENABLE_PREVIEWS = YES;
				INFOPLIST_FILE = LyoApp/Info.plist;
				IPHONEOS_DEPLOYMENT_TARGET = 17.0;
				LD_RUNPATH_SEARCH_PATHS = (
					"$(inherited)",
					"@executable_path/Frameworks",
				);
				PRODUCT_BUNDLE_IDENTIFIER = com.lyo.production.app;
				SDKROOT = iphoneos;
				SUPPORTS_MACCATALYST = NO;
				SWIFT_VERSION = 5.0;
				TARGETED_DEVICE_FAMILY = "1,2";
			};
			name = Release;
		};
		7E7DA06F17043A96DAB2FFA1 /* Debug */ = {
			isa = XCBuildConfiguration;
			buildSettings = {
				ALWAYS_SEARCH_USER_PATHS = NO;
				CLANG_ANALYZER_NONNULL = YES;
				CLANG_ANALYZER_NUMBER_OBJECT_CONVERSION = YES_AGGRESSIVE;
				CLANG_CXX_LANGUAGE_STANDARD = "gnu++14";
				CLANG_CXX_LIBRARY = "libc++";
				CLANG_ENABLE_MODULES = YES;
				CLANG_ENABLE_OBJC_ARC = YES;
				CLANG_ENABLE_OBJC_WEAK = YES;
				CLANG_WARN_BLOCK_CAPTURE_AUTORELEASING = YES;
				CLANG_WARN_BOOL_CONVERSION = YES;
				CLANG_WARN_COMMA = YES;
				CLANG_WARN_CONSTANT_CONVERSION = YES;
				CLANG_WARN_DEPRECATED_OBJC_IMPLEMENTATIONS = YES;
				CLANG_WARN_DIRECT_OBJC_ISA_USAGE = YES_ERROR;
				CLANG_WARN_DOCUMENTATION_COMMENTS = YES;
				CLANG_WARN_EMPTY_BODY = YES;
				CLANG_WARN_ENUM_CONVERSION = YES;
				CLANG_WARN_INFINITE_RECURSION = YES;
				CLANG_WARN_INT_CONVERSION = YES;
				CLANG_WARN_NON_LITERAL_NULL_CONVERSION = YES;
				CLANG_WARN_OBJC_IMPLICIT_RETAIN_SELF = YES;
				CLANG_WARN_OBJC_LITERAL_CONVERSION = YES;
				CLANG_WARN_OBJC_ROOT_CLASS = YES_ERROR;
				CLANG_WARN_QUOTED_INCLUDE_IN_FRAMEWORK_HEADER = YES;
				CLANG_WARN_RANGE_LOOP_ANALYSIS = YES;
				CLANG_WARN_STRICT_PROTOTYPES = YES;
				CLANG_WARN_SUSPICIOUS_MOVE = YES;
				CLANG_WARN_UNGUARDED_AVAILABILITY = YES_AGGRESSIVE;
				CLANG_WARN_UNREACHABLE_CODE = YES;
				CLANG_WARN__DUPLICATE_METHOD_MATCH = YES;
				COPY_PHASE_STRIP = NO;
				DEBUG_INFORMATION_FORMAT = dwarf;
				ENABLE_STRICT_OBJC_MSGSEND = YES;
				ENABLE_TESTABILITY = YES;
				GCC_C_LANGUAGE_STANDARD = gnu11;
				GCC_DYNAMIC_NO_PIC = NO;
				GCC_NO_COMMON_BLOCKS = YES;
				GCC_OPTIMIZATION_LEVEL = 0;
				GCC_PREPROCESSOR_DEFINITIONS = (
					"$(inherited)",
					"DEBUG=1",
				);
				GCC_WARN_64_TO_32_BIT_CONVERSION = YES;
				GCC_WARN_ABOUT_RETURN_TYPE = YES_ERROR;
				GCC_WARN_UNDECLARED_SELECTOR = YES;
				GCC_WARN_UNINITIALIZED_AUTOS = YES_AGGRESSIVE;
				GCC_WARN_UNUSED_FUNCTION = YES;
				GCC_WARN_UNUSED_VARIABLE = YES;
				IPHONEOS_DEPLOYMENT_TARGET = 17.0;
				MTL_ENABLE_DEBUG_INFO = INCLUDE_SOURCE;
				MTL_FAST_MATH = YES;
				ONLY_ACTIVE_ARCH = YES;
				PRODUCT_NAME = "$(TARGET_NAME)";
				SDKROOT = iphoneos;
				SWIFT_ACTIVE_COMPILATION_CONDITIONS = DEBUG;
				SWIFT_OPTIMIZATION_LEVEL = "-Onone";
				SWIFT_VERSION = 5.0;
			};
			name = Debug;
		};
		8646731D59B1D087721101D5 /* Debug */ = {
			isa = XCBuildConfiguration;
			buildSettings = {
				ASSETCATALOG_COMPILER_APPICON_NAME = AppIcon;
				ASSETCATALOG_COMPILER_GLOBAL_ACCENT_COLOR_NAME = AccentColor;
				CODE_SIGNING_REQUIRED = NO;
				CODE_SIGN_IDENTITY = "";
				CODE_SIGN_STYLE = Automatic;
				DEVELOPMENT_TEAM = "";
				ENABLE_PREVIEWS = YES;
				INFOPLIST_FILE = LyoApp/Info.plist;
				IPHONEOS_DEPLOYMENT_TARGET = 17.0;
				LD_RUNPATH_SEARCH_PATHS = (
					"$(inherited)",
					"@executable_path/Frameworks",
				);
				PRODUCT_BUNDLE_IDENTIFIER = com.lyo.production.app;
				SDKROOT = iphoneos;
				SUPPORTS_MACCATALYST = NO;
				SWIFT_VERSION = 5.0;
				TARGETED_DEVICE_FAMILY = "1,2";
			};
			name = Debug;
		};
		B08D0156F7FF13CF61F646E9 /* Release */ = {
			isa = XCBuildConfiguration;
			buildSettings = {
				ALWAYS_SEARCH_USER_PATHS = NO;
				CLANG_ANALYZER_NONNULL = YES;
				CLANG_ANALYZER_NUMBER_OBJECT_CONVERSION = YES_AGGRESSIVE;
				CLANG_CXX_LANGUAGE_STANDARD = "gnu++14";
				CLANG_CXX_LIBRARY = "libc++";
				CLANG_ENABLE_MODULES = YES;
				CLANG_ENABLE_OBJC_ARC = YES;
				CLANG_ENABLE_OBJC_WEAK = YES;
				CLANG_WARN_BLOCK_CAPTURE_AUTORELEASING = YES;
				CLANG_WARN_BOOL_CONVERSION = YES;
				CLANG_WARN_COMMA = YES;
				CLANG_WARN_CONSTANT_CONVERSION = YES;
				CLANG_WARN_DEPRECATED_OBJC_IMPLEMENTATIONS = YES;
				CLANG_WARN_DIRECT_OBJC_ISA_USAGE = YES_ERROR;
				CLANG_WARN_DOCUMENTATION_COMMENTS = YES;
				CLANG_WARN_EMPTY_BODY = YES;
				CLANG_WARN_ENUM_CONVERSION = YES;
				CLANG_WARN_INFINITE_RECURSION = YES;
				CLANG_WARN_INT_CONVERSION = YES;
				CLANG_WARN_NON_LITERAL_NULL_CONVERSION = YES;
				CLANG_WARN_OBJC_IMPLICIT_RETAIN_SELF = YES;
				CLANG_WARN_OBJC_LITERAL_CONVERSION = YES;
				CLANG_WARN_OBJC_ROOT_CLASS = YES_ERROR;
				CLANG_WARN_QUOTED_INCLUDE_IN_FRAMEWORK_HEADER = YES;
				CLANG_WARN_RANGE_LOOP_ANALYSIS = YES;
				CLANG_WARN_STRICT_PROTOTYPES = YES;
				CLANG_WARN_SUSPICIOUS_MOVE = YES;
				CLANG_WARN_UNGUARDED_AVAILABILITY = YES_AGGRESSIVE;
				CLANG_WARN_UNREACHABLE_CODE = YES;
				CLANG_WARN__DUPLICATE_METHOD_MATCH = YES;
				COPY_PHASE_STRIP = NO;
				DEBUG_INFORMATION_FORMAT = "dwarf-with-dsym";
				ENABLE_NS_ASSERTIONS = NO;
				ENABLE_STRICT_OBJC_MSGSEND = YES;
				GCC_C_LANGUAGE_STANDARD = gnu11;
				GCC_NO_COMMON_BLOCKS = YES;
				GCC_WARN_64_TO_32_BIT_CONVERSION = YES;
				GCC_WARN_ABOUT_RETURN_TYPE = YES_ERROR;
				GCC_WARN_UNDECLARED_SELECTOR = YES;
				GCC_WARN_UNINITIALIZED_AUTOS = YES_AGGRESSIVE;
				GCC_WARN_UNUSED_FUNCTION = YES;
				GCC_WARN_UNUSED_VARIABLE = YES;
				IPHONEOS_DEPLOYMENT_TARGET = 17.0;
				MTL_ENABLE_DEBUG_INFO = NO;
				MTL_FAST_MATH = YES;
				PRODUCT_NAME = "$(TARGET_NAME)";
				SDKROOT = iphoneos;
				SWIFT_COMPILATION_MODE = wholemodule;
				SWIFT_OPTIMIZATION_LEVEL = "-O";
				SWIFT_VERSION = 5.0;
			};
			name = Release;
		};
/* End XCBuildConfiguration section */

/* Begin XCConfigurationList section */
		9E9F3B2E433D8F361858F496 /* Build configuration list for PBXProject "LyoApp" */ = {
			isa = XCConfigurationList;
			buildConfigurations = (
				7E7DA06F17043A96DAB2FFA1 /* Debug */,
				B08D0156F7FF13CF61F646E9 /* Release */,
			);
			defaultConfigurationIsVisible = 0;
			defaultConfigurationName = Debug;
		};
		BD79114C974635CF02C2B9AE /* Build configuration list for PBXNativeTarget "LyoApp" */ = {
			isa = XCConfigurationList;
			buildConfigurations = (
				8646731D59B1D087721101D5 /* Debug */,
				7BF2DD8FAF25A84DB26DAF96 /* Release */,
			);
			defaultConfigurationIsVisible = 0;
			defaultConfigurationName = Debug;
		};
/* End XCConfigurationList section */
	};
	rootObject = 2D2171893EB55A81FA2429BA /* Project object */;
}
